
Microsoft Visual Studio Solution File, Format Version 12.00
# Visual Studio Express 2012 for Windows Desktop
Project("{FAE04EC0-301F-11D3-BF4B-00C04F79EFBC}") = "CityLizard.Core", "CityLizard.Core\CityLizard.Core.csproj", "{E384BF5F-21F5-4CB2-8AA6-B0751A981BD1}"
EndProject
Project("{FAE04EC0-301F-11D3-BF4B-00C04F79EFBC}") = "CityLizard.Fsm", "CityLizard.Fsm\CityLizard.Fsm.csproj", "{83A7276A-040B-4316-84AA-6F53F1A880F8}"
EndProject
Project("{FAE04EC0-301F-11D3-BF4B-00C04F79EFBC}") = "CityLizard.Meta", "CityLizard.Meta\CityLizard.Meta.csproj", "{80A38A7B-7052-4AA6-9FEF-08E968EE1DC0}"
EndProject
Global
	GlobalSection(SolutionConfigurationPlatforms) = preSolution
		Debug|Any CPU = Debug|Any CPU
		Release|Any CPU = Release|Any CPU
	EndGlobalSection
	GlobalSection(ProjectConfigurationPlatforms) = postSolution
		{E384BF5F-21F5-4CB2-8AA6-B0751A981BD1}.Debug|Any CPU.ActiveCfg = Debug|Any CPU
		{E384BF5F-21F5-4CB2-8AA6-B0751A981BD1}.Debug|Any CPU.Build.0 = Debug|Any CPU
		{E384BF5F-21F5-4CB2-8AA6-B0751A981BD1}.Release|Any CPU.ActiveCfg = Release|Any CPU
		{E384BF5F-21F5-4CB2-8AA6-B0751A981BD1}.Release|Any CPU.Build.0 = Release|Any CPU
		{83A7276A-040B-4316-84AA-6F53F1A880F8}.Debug|Any CPU.ActiveCfg = Debug|Any CPU
		{83A7276A-040B-4316-84AA-6F53F1A880F8}.Debug|Any CPU.Build.0 = Debug|Any CPU
		{83A7276A-040B-4316-84AA-6F53F1A880F8}.Release|Any CPU.ActiveCfg = Release|Any CPU
		{83A7276A-040B-4316-84AA-6F53F1A880F8}.Release|Any CPU.Build.0 = Release|Any CPU
		{80A38A7B-7052-4AA6-9FEF-08E968EE1DC0}.Debug|Any CPU.ActiveCfg = Debug|Any CPU
		{80A38A7B-7052-4AA6-9FEF-08E968EE1DC0}.Debug|Any CPU.Build.0 = Debug|Any CPU
		{80A38A7B-7052-4AA6-9FEF-08E968EE1DC0}.Release|Any CPU.ActiveCfg = Release|Any CPU
		{80A38A7B-7052-4AA6-9FEF-08E968EE1DC0}.Release|Any CPU.Build.0 = Release|Any CPU
	EndGlobalSection
	GlobalSection(SolutionProperties) = preSolution
		HideSolutionNode = FALSE
	EndGlobalSection
EndGlobal
