
Microsoft Visual Studio Solution File, Format Version 11.00
# Visual Studio 2010
Project("{FAE04EC0-301F-11D3-BF4B-00C04F79EFBC}") = "CityLizard.Xml.mono-android16", "CityLizard.Xml\CityLizard.Xml.mono-android16.csproj", "{733CF456-ADD5-4622-B92E-1958DB0B64BB}"
EndProject
Project("{FAE04EC0-301F-11D3-BF4B-00C04F79EFBC}") = "CityLizard.Collections.mono-android16", "CityLizard.Collections\CityLizard.Collections.mono-android16.csproj", "{03BBBCBD-99E0-4FC1-A01F-FF6E175F21A4}"
EndProject
Global
	GlobalSection(SolutionConfigurationPlatforms) = preSolution
		Debug|Any CPU = Debug|Any CPU
		Release|Any CPU = Release|Any CPU
	EndGlobalSection
	GlobalSection(ProjectConfigurationPlatforms) = postSolution
		{03BBBCBD-99E0-4FC1-A01F-FF6E175F21A4}.Debug|Any CPU.ActiveCfg = Debug|Any CPU
		{03BBBCBD-99E0-4FC1-A01F-FF6E175F21A4}.Debug|Any CPU.Build.0 = Debug|Any CPU
		{03BBBCBD-99E0-4FC1-A01F-FF6E175F21A4}.Release|Any CPU.ActiveCfg = Release|Any CPU
		{03BBBCBD-99E0-4FC1-A01F-FF6E175F21A4}.Release|Any CPU.Build.0 = Release|Any CPU
		{733CF456-ADD5-4622-B92E-1958DB0B64BB}.Debug|Any CPU.ActiveCfg = Debug|Any CPU
		{733CF456-ADD5-4622-B92E-1958DB0B64BB}.Debug|Any CPU.Build.0 = Debug|Any CPU
		{733CF456-ADD5-4622-B92E-1958DB0B64BB}.Release|Any CPU.ActiveCfg = Release|Any CPU
		{733CF456-ADD5-4622-B92E-1958DB0B64BB}.Release|Any CPU.Build.0 = Release|Any CPU
	EndGlobalSection
	GlobalSection(MonoDevelopProperties) = preSolution
		StartupItem = CityLizard.Xml\CityLizard.Xml.mono-android16.csproj
	EndGlobalSection
EndGlobal
