
Microsoft Visual Studio Solution File, Format Version 12.00
# Visual Studio Express 2012 for Windows Desktop
Project("{FAE04EC0-301F-11D3-BF4B-00C04F79EFBC}") = "CityLizard.Xml", "CityLizard.Xml\CityLizard.Xml.csproj", "{CD63BFEF-6B22-4FF2-A672-F68B04FCA199}"
EndProject
Global
	GlobalSection(SolutionConfigurationPlatforms) = preSolution
		net40|Any CPU = net40|Any CPU
	EndGlobalSection
	GlobalSection(ProjectConfigurationPlatforms) = postSolution
		{CD63BFEF-6B22-4FF2-A672-F68B04FCA199}.net40|Any CPU.ActiveCfg = net40|Any CPU
		{CD63BFEF-6B22-4FF2-A672-F68B04FCA199}.net40|Any CPU.Build.0 = net40|Any CPU
	EndGlobalSection
	GlobalSection(SolutionProperties) = preSolution
		HideSolutionNode = FALSE
	EndGlobalSection
EndGlobal
