
Microsoft Visual Studio Solution File, Format Version 11.00
# Visual Studio 2010
Project("{FAE04EC0-301F-11D3-BF4B-00C04F79EFBC}") = "CityLizard.Fsm.psm", "CityLizard.Fsm\CityLizard.Fsm.psm.csproj", "{80A650D7-E7F5-4F52-A172-97985BACDBDC}"
EndProject
Project("{FAE04EC0-301F-11D3-BF4B-00C04F79EFBC}") = "CityLizard.Core.psm", "CityLizard.Core\CityLizard.Core.psm.csproj", "{016F3459-2F85-4BB5-878A-140AF423D4C9}"
EndProject
Global
	GlobalSection(SolutionConfigurationPlatforms) = preSolution
		Debug|Any CPU = Debug|Any CPU
		Release|Any CPU = Release|Any CPU
	EndGlobalSection
	GlobalSection(ProjectConfigurationPlatforms) = postSolution
		{016F3459-2F85-4BB5-878A-140AF423D4C9}.Debug|Any CPU.ActiveCfg = Debug|Any CPU
		{016F3459-2F85-4BB5-878A-140AF423D4C9}.Debug|Any CPU.Build.0 = Debug|Any CPU
		{016F3459-2F85-4BB5-878A-140AF423D4C9}.Release|Any CPU.ActiveCfg = Release|Any CPU
		{016F3459-2F85-4BB5-878A-140AF423D4C9}.Release|Any CPU.Build.0 = Release|Any CPU
		{80A650D7-E7F5-4F52-A172-97985BACDBDC}.Debug|Any CPU.ActiveCfg = Debug|Any CPU
		{80A650D7-E7F5-4F52-A172-97985BACDBDC}.Debug|Any CPU.Build.0 = Debug|Any CPU
		{80A650D7-E7F5-4F52-A172-97985BACDBDC}.Release|Any CPU.ActiveCfg = Release|Any CPU
		{80A650D7-E7F5-4F52-A172-97985BACDBDC}.Release|Any CPU.Build.0 = Release|Any CPU
	EndGlobalSection
	GlobalSection(MonoDevelopProperties) = preSolution
		StartupItem = CityLizard.Fsm\CityLizard.Fsm.psm.csproj
	EndGlobalSection
EndGlobal
