
Microsoft Visual Studio Solution File, Format Version 12.00
# Visual Studio Express 2012 for Windows Phone
Project("{FAE04EC0-301F-11D3-BF4B-00C04F79EFBC}") = "CityLizard.Xml.wp71", "CityLizard.Xml\CityLizard.Xml.wp71.csproj", "{E53D46B0-9D34-4129-94EA-B639B6883AC0}"
EndProject
Project("{FAE04EC0-301F-11D3-BF4B-00C04F79EFBC}") = "CityLizard.Xml.wp8", "CityLizard.Xml\CityLizard.Xml.wp8.csproj", "{9C5E40AB-2D66-4C97-9AAC-EDCAAC8A6C33}"
EndProject
Project("{FAE04EC0-301F-11D3-BF4B-00C04F79EFBC}") = "CityLizard.Collections.wp71", "CityLizard.Collections\CityLizard.Collections.wp71.csproj", "{5F0C7B36-285F-4DBC-B8E0-78D9E4637B19}"
EndProject
Project("{FAE04EC0-301F-11D3-BF4B-00C04F79EFBC}") = "CityLizard.Collections.wp8", "CityLizard.Collections\CityLizard.Collections.wp8.csproj", "{ED8818E7-6928-4B95-9429-ABB5FFAAD9F5}"
EndProject
Project("{FAE04EC0-301F-11D3-BF4B-00C04F79EFBC}") = "CityLizard.Fsm.wp8", "CityLizard.Fsm\CityLizard.Fsm.wp8.csproj", "{601F3E3B-BA85-4B63-B41F-CE5F717487FB}"
EndProject
Global
	GlobalSection(SolutionConfigurationPlatforms) = preSolution
		Debug|Any CPU = Debug|Any CPU
		Debug|ARM = Debug|ARM
		Debug|x86 = Debug|x86
		Release|Any CPU = Release|Any CPU
		Release|ARM = Release|ARM
		Release|x86 = Release|x86
	EndGlobalSection
	GlobalSection(ProjectConfigurationPlatforms) = postSolution
		{E53D46B0-9D34-4129-94EA-B639B6883AC0}.Debug|Any CPU.ActiveCfg = wp71|Any CPU
		{E53D46B0-9D34-4129-94EA-B639B6883AC0}.Debug|Any CPU.Build.0 = wp71|Any CPU
		{E53D46B0-9D34-4129-94EA-B639B6883AC0}.Debug|ARM.ActiveCfg = wp71|Any CPU
		{E53D46B0-9D34-4129-94EA-B639B6883AC0}.Debug|x86.ActiveCfg = wp71|Any CPU
		{E53D46B0-9D34-4129-94EA-B639B6883AC0}.Release|Any CPU.ActiveCfg = wp71|Any CPU
		{E53D46B0-9D34-4129-94EA-B639B6883AC0}.Release|Any CPU.Build.0 = wp71|Any CPU
		{E53D46B0-9D34-4129-94EA-B639B6883AC0}.Release|ARM.ActiveCfg = wp71|Any CPU
		{E53D46B0-9D34-4129-94EA-B639B6883AC0}.Release|x86.ActiveCfg = wp71|Any CPU
		{9C5E40AB-2D66-4C97-9AAC-EDCAAC8A6C33}.Debug|Any CPU.ActiveCfg = wp8|Any CPU
		{9C5E40AB-2D66-4C97-9AAC-EDCAAC8A6C33}.Debug|Any CPU.Build.0 = wp8|Any CPU
		{9C5E40AB-2D66-4C97-9AAC-EDCAAC8A6C33}.Debug|ARM.ActiveCfg = wp8|Any CPU
		{9C5E40AB-2D66-4C97-9AAC-EDCAAC8A6C33}.Debug|x86.ActiveCfg = wp8|Any CPU
		{9C5E40AB-2D66-4C97-9AAC-EDCAAC8A6C33}.Release|Any CPU.ActiveCfg = wp8|Any CPU
		{9C5E40AB-2D66-4C97-9AAC-EDCAAC8A6C33}.Release|Any CPU.Build.0 = wp8|Any CPU
		{9C5E40AB-2D66-4C97-9AAC-EDCAAC8A6C33}.Release|ARM.ActiveCfg = wp8|Any CPU
		{9C5E40AB-2D66-4C97-9AAC-EDCAAC8A6C33}.Release|x86.ActiveCfg = wp8|Any CPU
		{5F0C7B36-285F-4DBC-B8E0-78D9E4637B19}.Debug|Any CPU.ActiveCfg = wp71|Any CPU
		{5F0C7B36-285F-4DBC-B8E0-78D9E4637B19}.Debug|Any CPU.Build.0 = wp71|Any CPU
		{5F0C7B36-285F-4DBC-B8E0-78D9E4637B19}.Debug|ARM.ActiveCfg = wp71|Any CPU
		{5F0C7B36-285F-4DBC-B8E0-78D9E4637B19}.Debug|x86.ActiveCfg = wp71|Any CPU
		{5F0C7B36-285F-4DBC-B8E0-78D9E4637B19}.Release|Any CPU.ActiveCfg = wp71|Any CPU
		{5F0C7B36-285F-4DBC-B8E0-78D9E4637B19}.Release|Any CPU.Build.0 = wp71|Any CPU
		{5F0C7B36-285F-4DBC-B8E0-78D9E4637B19}.Release|ARM.ActiveCfg = wp71|Any CPU
		{5F0C7B36-285F-4DBC-B8E0-78D9E4637B19}.Release|x86.ActiveCfg = wp71|Any CPU
		{ED8818E7-6928-4B95-9429-ABB5FFAAD9F5}.Debug|Any CPU.ActiveCfg = wp8|Any CPU
		{ED8818E7-6928-4B95-9429-ABB5FFAAD9F5}.Debug|Any CPU.Build.0 = wp8|Any CPU
		{ED8818E7-6928-4B95-9429-ABB5FFAAD9F5}.Debug|ARM.ActiveCfg = wp8|Any CPU
		{ED8818E7-6928-4B95-9429-ABB5FFAAD9F5}.Debug|x86.ActiveCfg = wp8|Any CPU
		{ED8818E7-6928-4B95-9429-ABB5FFAAD9F5}.Release|Any CPU.ActiveCfg = wp8|Any CPU
		{ED8818E7-6928-4B95-9429-ABB5FFAAD9F5}.Release|Any CPU.Build.0 = wp8|Any CPU
		{ED8818E7-6928-4B95-9429-ABB5FFAAD9F5}.Release|ARM.ActiveCfg = wp8|Any CPU
		{ED8818E7-6928-4B95-9429-ABB5FFAAD9F5}.Release|x86.ActiveCfg = wp8|Any CPU
		{601F3E3B-BA85-4B63-B41F-CE5F717487FB}.Debug|Any CPU.ActiveCfg = wp8|Any CPU
		{601F3E3B-BA85-4B63-B41F-CE5F717487FB}.Debug|Any CPU.Build.0 = wp8|Any CPU
		{601F3E3B-BA85-4B63-B41F-CE5F717487FB}.Debug|ARM.ActiveCfg = wp8|Any CPU
		{601F3E3B-BA85-4B63-B41F-CE5F717487FB}.Debug|x86.ActiveCfg = wp8|Any CPU
		{601F3E3B-BA85-4B63-B41F-CE5F717487FB}.Release|Any CPU.ActiveCfg = wp8|Any CPU
		{601F3E3B-BA85-4B63-B41F-CE5F717487FB}.Release|Any CPU.Build.0 = wp8|Any CPU
		{601F3E3B-BA85-4B63-B41F-CE5F717487FB}.Release|ARM.ActiveCfg = wp8|Any CPU
		{601F3E3B-BA85-4B63-B41F-CE5F717487FB}.Release|x86.ActiveCfg = wp8|Any CPU
	EndGlobalSection
	GlobalSection(SolutionProperties) = preSolution
		HideSolutionNode = FALSE
	EndGlobalSection
EndGlobal
