
Microsoft Visual Studio Solution File, Format Version 11.00
# Visual C# Express 2010
Project("{FAE04EC0-301F-11D3-BF4B-00C04F79EFBC}") = "CityLizard.PInvoke", "PInvoke\CityLizard.PInvoke.csproj", "{6DC57DB5-83E9-4778-BD3A-020FCC96C7D1}"
EndProject
Project("{FAE04EC0-301F-11D3-BF4B-00C04F79EFBC}") = "CityLizard.PInvoke.Console", "PInvoke\Console\CityLizard.PInvoke.Console.csproj", "{CDC10F4A-FFDB-4A38-8C43-6ED0E11DEFFF}"
EndProject
Project("{FAE04EC0-301F-11D3-BF4B-00C04F79EFBC}") = "CityLizard.PInvoke.Test", "PInvoke\Test\CityLizard.PInvoke.Test.csproj", "{23D19C7F-E7D8-4B6D-862B-064FFE867C4F}"
EndProject
Project("{FAE04EC0-301F-11D3-BF4B-00C04F79EFBC}") = "CityLizard.PInvoke.Call", "PInvoke\Call\CityLizard.PInvoke.Call.csproj", "{38E61E1B-3705-4058-89FD-B0AAA9144DE8}"
EndProject
Global
	GlobalSection(SolutionConfigurationPlatforms) = preSolution
		Debug|Any CPU = Debug|Any CPU
		Debug|Mixed Platforms = Debug|Mixed Platforms
		Debug|Win32 = Debug|Win32
		Debug|x86 = Debug|x86
		Release|Any CPU = Release|Any CPU
		Release|Mixed Platforms = Release|Mixed Platforms
		Release|Win32 = Release|Win32
		Release|x86 = Release|x86
	EndGlobalSection
	GlobalSection(ProjectConfigurationPlatforms) = postSolution
		{6DC57DB5-83E9-4778-BD3A-020FCC96C7D1}.Debug|Any CPU.ActiveCfg = Debug|Any CPU
		{6DC57DB5-83E9-4778-BD3A-020FCC96C7D1}.Debug|Any CPU.Build.0 = Debug|Any CPU
		{6DC57DB5-83E9-4778-BD3A-020FCC96C7D1}.Debug|Mixed Platforms.ActiveCfg = Debug|Any CPU
		{6DC57DB5-83E9-4778-BD3A-020FCC96C7D1}.Debug|Mixed Platforms.Build.0 = Debug|Any CPU
		{6DC57DB5-83E9-4778-BD3A-020FCC96C7D1}.Debug|Win32.ActiveCfg = Debug|Any CPU
		{6DC57DB5-83E9-4778-BD3A-020FCC96C7D1}.Debug|x86.ActiveCfg = Debug|Any CPU
		{6DC57DB5-83E9-4778-BD3A-020FCC96C7D1}.Release|Any CPU.ActiveCfg = Release|Any CPU
		{6DC57DB5-83E9-4778-BD3A-020FCC96C7D1}.Release|Any CPU.Build.0 = Release|Any CPU
		{6DC57DB5-83E9-4778-BD3A-020FCC96C7D1}.Release|Mixed Platforms.ActiveCfg = Release|Any CPU
		{6DC57DB5-83E9-4778-BD3A-020FCC96C7D1}.Release|Mixed Platforms.Build.0 = Release|Any CPU
		{6DC57DB5-83E9-4778-BD3A-020FCC96C7D1}.Release|Win32.ActiveCfg = Release|Any CPU
		{6DC57DB5-83E9-4778-BD3A-020FCC96C7D1}.Release|x86.ActiveCfg = Release|Any CPU
		{CDC10F4A-FFDB-4A38-8C43-6ED0E11DEFFF}.Debug|Any CPU.ActiveCfg = Debug|Any CPU
		{CDC10F4A-FFDB-4A38-8C43-6ED0E11DEFFF}.Debug|Any CPU.Build.0 = Debug|Any CPU
		{CDC10F4A-FFDB-4A38-8C43-6ED0E11DEFFF}.Debug|Mixed Platforms.ActiveCfg = Debug|Any CPU
		{CDC10F4A-FFDB-4A38-8C43-6ED0E11DEFFF}.Debug|Mixed Platforms.Build.0 = Debug|Any CPU
		{CDC10F4A-FFDB-4A38-8C43-6ED0E11DEFFF}.Debug|Win32.ActiveCfg = Debug|Any CPU
		{CDC10F4A-FFDB-4A38-8C43-6ED0E11DEFFF}.Debug|x86.ActiveCfg = Debug|Any CPU
		{CDC10F4A-FFDB-4A38-8C43-6ED0E11DEFFF}.Release|Any CPU.ActiveCfg = Release|Any CPU
		{CDC10F4A-FFDB-4A38-8C43-6ED0E11DEFFF}.Release|Any CPU.Build.0 = Release|Any CPU
		{CDC10F4A-FFDB-4A38-8C43-6ED0E11DEFFF}.Release|Mixed Platforms.ActiveCfg = Release|Any CPU
		{CDC10F4A-FFDB-4A38-8C43-6ED0E11DEFFF}.Release|Mixed Platforms.Build.0 = Release|Any CPU
		{CDC10F4A-FFDB-4A38-8C43-6ED0E11DEFFF}.Release|Win32.ActiveCfg = Release|Any CPU
		{CDC10F4A-FFDB-4A38-8C43-6ED0E11DEFFF}.Release|x86.ActiveCfg = Release|Any CPU
		{23D19C7F-E7D8-4B6D-862B-064FFE867C4F}.Debug|Any CPU.ActiveCfg = Debug|Any CPU
		{23D19C7F-E7D8-4B6D-862B-064FFE867C4F}.Debug|Any CPU.Build.0 = Debug|Any CPU
		{23D19C7F-E7D8-4B6D-862B-064FFE867C4F}.Debug|Mixed Platforms.ActiveCfg = Debug|Any CPU
		{23D19C7F-E7D8-4B6D-862B-064FFE867C4F}.Debug|Mixed Platforms.Build.0 = Debug|Any CPU
		{23D19C7F-E7D8-4B6D-862B-064FFE867C4F}.Debug|Win32.ActiveCfg = Debug|Any CPU
		{23D19C7F-E7D8-4B6D-862B-064FFE867C4F}.Debug|x86.ActiveCfg = Debug|Any CPU
		{23D19C7F-E7D8-4B6D-862B-064FFE867C4F}.Release|Any CPU.ActiveCfg = Release|Any CPU
		{23D19C7F-E7D8-4B6D-862B-064FFE867C4F}.Release|Any CPU.Build.0 = Release|Any CPU
		{23D19C7F-E7D8-4B6D-862B-064FFE867C4F}.Release|Mixed Platforms.ActiveCfg = Release|Any CPU
		{23D19C7F-E7D8-4B6D-862B-064FFE867C4F}.Release|Mixed Platforms.Build.0 = Release|Any CPU
		{23D19C7F-E7D8-4B6D-862B-064FFE867C4F}.Release|Win32.ActiveCfg = Release|Any CPU
		{23D19C7F-E7D8-4B6D-862B-064FFE867C4F}.Release|x86.ActiveCfg = Release|Any CPU
		{38E61E1B-3705-4058-89FD-B0AAA9144DE8}.Debug|Any CPU.ActiveCfg = Debug|x86
		{38E61E1B-3705-4058-89FD-B0AAA9144DE8}.Debug|Mixed Platforms.ActiveCfg = Debug|x86
		{38E61E1B-3705-4058-89FD-B0AAA9144DE8}.Debug|Mixed Platforms.Build.0 = Debug|x86
		{38E61E1B-3705-4058-89FD-B0AAA9144DE8}.Debug|Win32.ActiveCfg = Debug|x86
		{38E61E1B-3705-4058-89FD-B0AAA9144DE8}.Debug|x86.ActiveCfg = Debug|x86
		{38E61E1B-3705-4058-89FD-B0AAA9144DE8}.Debug|x86.Build.0 = Debug|x86
		{38E61E1B-3705-4058-89FD-B0AAA9144DE8}.Release|Any CPU.ActiveCfg = Release|x86
		{38E61E1B-3705-4058-89FD-B0AAA9144DE8}.Release|Mixed Platforms.ActiveCfg = Release|x86
		{38E61E1B-3705-4058-89FD-B0AAA9144DE8}.Release|Mixed Platforms.Build.0 = Release|x86
		{38E61E1B-3705-4058-89FD-B0AAA9144DE8}.Release|Win32.ActiveCfg = Release|x86
		{38E61E1B-3705-4058-89FD-B0AAA9144DE8}.Release|x86.ActiveCfg = Release|x86
		{38E61E1B-3705-4058-89FD-B0AAA9144DE8}.Release|x86.Build.0 = Release|x86
	EndGlobalSection
	GlobalSection(SolutionProperties) = preSolution
		HideSolutionNode = FALSE
	EndGlobalSection
	GlobalSection(MonoDevelopProperties) = preSolution
		StartupItem = PInvoke\Console\CityLizard.PInvoke.Console.csproj
	EndGlobalSection
EndGlobal
