
Microsoft Visual Studio Solution File, Format Version 11.00
# Visual C# Express 2010
Project("{FAE04EC0-301F-11D3-BF4B-00C04F79EFBC}") = "CityLizard", "CityLizard.csproj", "{5A588E99-D2AB-44AD-A33C-9B3C3413BE80}"
EndProject
Project("{FAE04EC0-301F-11D3-BF4B-00C04F79EFBC}") = "CityLizard.Xml", "Xml\CityLizard.Xml.csproj", "{270D7B7A-75BC-49BF-AE8E-ABB2FBC8D117}"
EndProject
Project("{FAE04EC0-301F-11D3-BF4B-00C04F79EFBC}") = "CityLizard.NUnit", "NUnit\CityLizard.NUnit.csproj", "{717D3E99-EFCF-46BE-BF30-8E970D2AE9D0}"
EndProject
Project("{FAE04EC0-301F-11D3-BF4B-00C04F79EFBC}") = "CityLizard.NUnit.Gui", "NUnit\Gui\CityLizard.NUnit.Gui.csproj", "{73D72485-A57C-4C63-A564-1A7B94A2B6D8}"
EndProject
Project("{FAE04EC0-301F-11D3-BF4B-00C04F79EFBC}") = "CityLizard.CodeDom", "CodeDom\CityLizard.CodeDom.csproj", "{ACF5201B-625E-4356-A515-9D11768881A3}"
EndProject
Project("{FAE04EC0-301F-11D3-BF4B-00C04F79EFBC}") = "CityLizard.Build", "Build\CityLizard.Build.csproj", "{E7CF094A-3F92-456F-BB48-E3FD07C01D21}"
EndProject
Project("{FAE04EC0-301F-11D3-BF4B-00C04F79EFBC}") = "CityLizard.Hg", "Hg\CityLizard.Hg.csproj", "{5293C8F4-FB29-4F98-B604-569B20ECF34C}"
EndProject
Global
	GlobalSection(SolutionConfigurationPlatforms) = preSolution
		Debug|Any CPU = Debug|Any CPU
		Debug|Mixed Platforms = Debug|Mixed Platforms
		Debug|x86 = Debug|x86
		Release|Any CPU = Release|Any CPU
		Release|Mixed Platforms = Release|Mixed Platforms
		Release|x86 = Release|x86
	EndGlobalSection
	GlobalSection(ProjectConfigurationPlatforms) = postSolution
		{5A588E99-D2AB-44AD-A33C-9B3C3413BE80}.Debug|Any CPU.ActiveCfg = Debug|Any CPU
		{5A588E99-D2AB-44AD-A33C-9B3C3413BE80}.Debug|Any CPU.Build.0 = Debug|Any CPU
		{5A588E99-D2AB-44AD-A33C-9B3C3413BE80}.Debug|Mixed Platforms.ActiveCfg = Debug|Any CPU
		{5A588E99-D2AB-44AD-A33C-9B3C3413BE80}.Debug|Mixed Platforms.Build.0 = Debug|Any CPU
		{5A588E99-D2AB-44AD-A33C-9B3C3413BE80}.Debug|x86.ActiveCfg = Debug|x86
		{5A588E99-D2AB-44AD-A33C-9B3C3413BE80}.Debug|x86.Build.0 = Debug|x86
		{5A588E99-D2AB-44AD-A33C-9B3C3413BE80}.Release|Any CPU.ActiveCfg = Release|Any CPU
		{5A588E99-D2AB-44AD-A33C-9B3C3413BE80}.Release|Any CPU.Build.0 = Release|Any CPU
		{5A588E99-D2AB-44AD-A33C-9B3C3413BE80}.Release|Mixed Platforms.ActiveCfg = Release|Any CPU
		{5A588E99-D2AB-44AD-A33C-9B3C3413BE80}.Release|Mixed Platforms.Build.0 = Release|Any CPU
		{5A588E99-D2AB-44AD-A33C-9B3C3413BE80}.Release|x86.ActiveCfg = Release|x86
		{5A588E99-D2AB-44AD-A33C-9B3C3413BE80}.Release|x86.Build.0 = Release|x86
		{270D7B7A-75BC-49BF-AE8E-ABB2FBC8D117}.Debug|Any CPU.ActiveCfg = Debug|Any CPU
		{270D7B7A-75BC-49BF-AE8E-ABB2FBC8D117}.Debug|Any CPU.Build.0 = Debug|Any CPU
		{270D7B7A-75BC-49BF-AE8E-ABB2FBC8D117}.Debug|Mixed Platforms.ActiveCfg = Debug|Any CPU
		{270D7B7A-75BC-49BF-AE8E-ABB2FBC8D117}.Debug|Mixed Platforms.Build.0 = Debug|Any CPU
		{270D7B7A-75BC-49BF-AE8E-ABB2FBC8D117}.Debug|x86.ActiveCfg = Debug|x86
		{270D7B7A-75BC-49BF-AE8E-ABB2FBC8D117}.Debug|x86.Build.0 = Debug|x86
		{270D7B7A-75BC-49BF-AE8E-ABB2FBC8D117}.Release|Any CPU.ActiveCfg = Release|Any CPU
		{270D7B7A-75BC-49BF-AE8E-ABB2FBC8D117}.Release|Any CPU.Build.0 = Release|Any CPU
		{270D7B7A-75BC-49BF-AE8E-ABB2FBC8D117}.Release|Mixed Platforms.ActiveCfg = Release|Any CPU
		{270D7B7A-75BC-49BF-AE8E-ABB2FBC8D117}.Release|Mixed Platforms.Build.0 = Release|Any CPU
		{270D7B7A-75BC-49BF-AE8E-ABB2FBC8D117}.Release|x86.ActiveCfg = Release|x86
		{270D7B7A-75BC-49BF-AE8E-ABB2FBC8D117}.Release|x86.Build.0 = Release|x86
		{717D3E99-EFCF-46BE-BF30-8E970D2AE9D0}.Debug|Any CPU.ActiveCfg = Debug|Any CPU
		{717D3E99-EFCF-46BE-BF30-8E970D2AE9D0}.Debug|Any CPU.Build.0 = Debug|Any CPU
		{717D3E99-EFCF-46BE-BF30-8E970D2AE9D0}.Debug|Mixed Platforms.ActiveCfg = Debug|Any CPU
		{717D3E99-EFCF-46BE-BF30-8E970D2AE9D0}.Debug|Mixed Platforms.Build.0 = Debug|Any CPU
		{717D3E99-EFCF-46BE-BF30-8E970D2AE9D0}.Debug|x86.ActiveCfg = Debug|x86
		{717D3E99-EFCF-46BE-BF30-8E970D2AE9D0}.Debug|x86.Build.0 = Debug|x86
		{717D3E99-EFCF-46BE-BF30-8E970D2AE9D0}.Release|Any CPU.ActiveCfg = Release|Any CPU
		{717D3E99-EFCF-46BE-BF30-8E970D2AE9D0}.Release|Any CPU.Build.0 = Release|Any CPU
		{717D3E99-EFCF-46BE-BF30-8E970D2AE9D0}.Release|Mixed Platforms.ActiveCfg = Release|Any CPU
		{717D3E99-EFCF-46BE-BF30-8E970D2AE9D0}.Release|Mixed Platforms.Build.0 = Release|Any CPU
		{717D3E99-EFCF-46BE-BF30-8E970D2AE9D0}.Release|x86.ActiveCfg = Release|x86
		{717D3E99-EFCF-46BE-BF30-8E970D2AE9D0}.Release|x86.Build.0 = Release|x86
		{73D72485-A57C-4C63-A564-1A7B94A2B6D8}.Debug|Any CPU.ActiveCfg = Debug|Any CPU
		{73D72485-A57C-4C63-A564-1A7B94A2B6D8}.Debug|Any CPU.Build.0 = Debug|Any CPU
		{73D72485-A57C-4C63-A564-1A7B94A2B6D8}.Debug|Mixed Platforms.ActiveCfg = Debug|Any CPU
		{73D72485-A57C-4C63-A564-1A7B94A2B6D8}.Debug|Mixed Platforms.Build.0 = Debug|Any CPU
		{73D72485-A57C-4C63-A564-1A7B94A2B6D8}.Debug|x86.ActiveCfg = Debug|x86
		{73D72485-A57C-4C63-A564-1A7B94A2B6D8}.Debug|x86.Build.0 = Debug|x86
		{73D72485-A57C-4C63-A564-1A7B94A2B6D8}.Release|Any CPU.ActiveCfg = Release|Any CPU
		{73D72485-A57C-4C63-A564-1A7B94A2B6D8}.Release|Any CPU.Build.0 = Release|Any CPU
		{73D72485-A57C-4C63-A564-1A7B94A2B6D8}.Release|Mixed Platforms.ActiveCfg = Release|Any CPU
		{73D72485-A57C-4C63-A564-1A7B94A2B6D8}.Release|Mixed Platforms.Build.0 = Release|Any CPU
		{73D72485-A57C-4C63-A564-1A7B94A2B6D8}.Release|x86.ActiveCfg = Release|x86
		{73D72485-A57C-4C63-A564-1A7B94A2B6D8}.Release|x86.Build.0 = Release|x86
		{ACF5201B-625E-4356-A515-9D11768881A3}.Debug|Any CPU.ActiveCfg = Debug|Any CPU
		{ACF5201B-625E-4356-A515-9D11768881A3}.Debug|Any CPU.Build.0 = Debug|Any CPU
		{ACF5201B-625E-4356-A515-9D11768881A3}.Debug|Mixed Platforms.ActiveCfg = Debug|Any CPU
		{ACF5201B-625E-4356-A515-9D11768881A3}.Debug|Mixed Platforms.Build.0 = Debug|Any CPU
		{ACF5201B-625E-4356-A515-9D11768881A3}.Debug|x86.ActiveCfg = Debug|x86
		{ACF5201B-625E-4356-A515-9D11768881A3}.Debug|x86.Build.0 = Debug|x86
		{ACF5201B-625E-4356-A515-9D11768881A3}.Release|Any CPU.ActiveCfg = Release|Any CPU
		{ACF5201B-625E-4356-A515-9D11768881A3}.Release|Any CPU.Build.0 = Release|Any CPU
		{ACF5201B-625E-4356-A515-9D11768881A3}.Release|Mixed Platforms.ActiveCfg = Release|Any CPU
		{ACF5201B-625E-4356-A515-9D11768881A3}.Release|Mixed Platforms.Build.0 = Release|Any CPU
		{ACF5201B-625E-4356-A515-9D11768881A3}.Release|x86.ActiveCfg = Release|x86
		{ACF5201B-625E-4356-A515-9D11768881A3}.Release|x86.Build.0 = Release|x86
		{E7CF094A-3F92-456F-BB48-E3FD07C01D21}.Debug|Any CPU.ActiveCfg = Debug|Any CPU
		{E7CF094A-3F92-456F-BB48-E3FD07C01D21}.Debug|Any CPU.Build.0 = Debug|Any CPU
		{E7CF094A-3F92-456F-BB48-E3FD07C01D21}.Debug|Mixed Platforms.ActiveCfg = Debug|x86
		{E7CF094A-3F92-456F-BB48-E3FD07C01D21}.Debug|Mixed Platforms.Build.0 = Debug|x86
		{E7CF094A-3F92-456F-BB48-E3FD07C01D21}.Debug|x86.ActiveCfg = Debug|x86
		{E7CF094A-3F92-456F-BB48-E3FD07C01D21}.Debug|x86.Build.0 = Debug|x86
		{E7CF094A-3F92-456F-BB48-E3FD07C01D21}.Release|Any CPU.ActiveCfg = Release|Any CPU
		{E7CF094A-3F92-456F-BB48-E3FD07C01D21}.Release|Any CPU.Build.0 = Release|Any CPU
		{E7CF094A-3F92-456F-BB48-E3FD07C01D21}.Release|Mixed Platforms.ActiveCfg = Release|x86
		{E7CF094A-3F92-456F-BB48-E3FD07C01D21}.Release|Mixed Platforms.Build.0 = Release|x86
		{E7CF094A-3F92-456F-BB48-E3FD07C01D21}.Release|x86.ActiveCfg = Release|x86
		{E7CF094A-3F92-456F-BB48-E3FD07C01D21}.Release|x86.Build.0 = Release|x86
		{5293C8F4-FB29-4F98-B604-569B20ECF34C}.Debug|Any CPU.ActiveCfg = Debug|Any CPU
		{5293C8F4-FB29-4F98-B604-569B20ECF34C}.Debug|Any CPU.Build.0 = Debug|Any CPU
		{5293C8F4-FB29-4F98-B604-569B20ECF34C}.Debug|Mixed Platforms.ActiveCfg = Debug|Any CPU
		{5293C8F4-FB29-4F98-B604-569B20ECF34C}.Debug|Mixed Platforms.Build.0 = Debug|Any CPU
		{5293C8F4-FB29-4F98-B604-569B20ECF34C}.Debug|x86.ActiveCfg = Debug|x86
		{5293C8F4-FB29-4F98-B604-569B20ECF34C}.Debug|x86.Build.0 = Debug|x86
		{5293C8F4-FB29-4F98-B604-569B20ECF34C}.Release|Any CPU.ActiveCfg = Release|Any CPU
		{5293C8F4-FB29-4F98-B604-569B20ECF34C}.Release|Any CPU.Build.0 = Release|Any CPU
		{5293C8F4-FB29-4F98-B604-569B20ECF34C}.Release|Mixed Platforms.ActiveCfg = Release|Any CPU
		{5293C8F4-FB29-4F98-B604-569B20ECF34C}.Release|Mixed Platforms.Build.0 = Release|Any CPU
		{5293C8F4-FB29-4F98-B604-569B20ECF34C}.Release|x86.ActiveCfg = Release|x86
		{5293C8F4-FB29-4F98-B604-569B20ECF34C}.Release|x86.Build.0 = Release|x86
	EndGlobalSection
	GlobalSection(SolutionProperties) = preSolution
		HideSolutionNode = FALSE
	EndGlobalSection
EndGlobal
