
Microsoft Visual Studio Solution File, Format Version 11.00
# Visual C# Express 2010
Project("{FAE04EC0-301F-11D3-BF4B-00C04F79EFBC}") = "CityLizard.Xml", "Xml\CityLizard.Xml.csproj", "{270D7B7A-75BC-49BF-AE8E-ABB2FBC8D117}"
EndProject
Project("{FAE04EC0-301F-11D3-BF4B-00C04F79EFBC}") = "CityLizard.NUnit", "NUnit\CityLizard.NUnit.csproj", "{717D3E99-EFCF-46BE-BF30-8E970D2AE9D0}"
EndProject
Project("{FAE04EC0-301F-11D3-BF4B-00C04F79EFBC}") = "CityLizard.NUnit.Gui", "NUnit\Gui\CityLizard.NUnit.Gui.csproj", "{73D72485-A57C-4C63-A564-1A7B94A2B6D8}"
EndProject
Project("{FAE04EC0-301F-11D3-BF4B-00C04F79EFBC}") = "CityLizard.CodeDom", "CodeDom\CityLizard.CodeDom.csproj", "{ACF5201B-625E-4356-A515-9D11768881A3}"
EndProject
Project("{FAE04EC0-301F-11D3-BF4B-00C04F79EFBC}") = "CityLizard.Hg", "Hg\CityLizard.Hg.csproj", "{5293C8F4-FB29-4F98-B604-569B20ECF34C}"
EndProject
Project("{FAE04EC0-301F-11D3-BF4B-00C04F79EFBC}") = "CityLizard.Fsm", "Fsm\CityLizard.Fsm.csproj", "{E9C49FF2-73F9-44A4-AAE7-2F959B5D2916}"
EndProject
Project("{FAE04EC0-301F-11D3-BF4B-00C04F79EFBC}") = "CityLizard.Xml.Schema", "Xml\Schema\CityLizard.Xml.Schema.csproj", "{B65374FF-0CC7-470B-A138-7968EE9B1187}"
EndProject
Project("{FAE04EC0-301F-11D3-BF4B-00C04F79EFBC}") = "CityLizard.Xml.Schema.Console", "Xml\Schema\Console\CityLizard.Xml.Schema.Console.csproj", "{0D04D144-4F53-4C26-9E5E-AC87CB84DEFC}"
EndProject
Project("{FAE04EC0-301F-11D3-BF4B-00C04F79EFBC}") = "CityLizard.Build", "Build\CityLizard.Build.csproj", "{E7CF094A-3F92-456F-BB48-E3FD07C01D21}"
EndProject
Project("{FAE04EC0-301F-11D3-BF4B-00C04F79EFBC}") = "CityLizard.Xml.Silverlight", "Xml\Silverlight\CityLizard.Xml.Silverlight.csproj", "{688ACDBE-64C2-4645-B83E-F9190E9CB09C}"
EndProject
Project("{FAE04EC0-301F-11D3-BF4B-00C04F79EFBC}") = "CityLizard.Xml.3.5", "Xml\3.5\CityLizard.Xml.3.5.csproj", "{3B97C2DC-CB6F-4AE9-8214-6E3AF39A8B09}"
EndProject
Project("{FAE04EC0-301F-11D3-BF4B-00C04F79EFBC}") = "CityLizard.Xml.Silverlight3", "Xml\Silverlight3\CityLizard.Xml.Silverlight3.csproj", "{2B2DEFE6-E1CB-41BD-913D-699D66BFB4B1}"
EndProject
Project("{FAE04EC0-301F-11D3-BF4B-00C04F79EFBC}") = "CityLizard.Policy", "Policy\CityLizard.Policy.csproj", "{4ED0D450-FBE4-4B82-B1E9-55E83913B8A0}"
EndProject
Project("{FAE04EC0-301F-11D3-BF4B-00C04F79EFBC}") = "CityLizard.Policy.Build", "Policy\Build\CityLizard.Policy.Build.csproj", "{E19226CF-2EC6-47DB-82E1-780AC4BA3518}"
EndProject
Project("{FAE04EC0-301F-11D3-BF4B-00C04F79EFBC}") = "CityLizard.Binary", "Binary\CityLizard.Binary.csproj", "{5BDC0FC0-EB57-4F71-AEB3-F396D5F110BE}"
EndProject
Project("{FAE04EC0-301F-11D3-BF4B-00C04F79EFBC}") = "CityLizard.Tree", "Tree\CityLizard.Tree.csproj", "{806E6917-E29C-4F84-A5D1-6556DDE2A6E1}"
EndProject
Project("{FAE04EC0-301F-11D3-BF4B-00C04F79EFBC}") = "CityLizard.Build.Console", "Build\Console\CityLizard.Build.Console.csproj", "{E0E70117-A258-4294-A700-865D671271D5}"
EndProject
Global
	GlobalSection(SolutionConfigurationPlatforms) = preSolution
		Debug|Any CPU = Debug|Any CPU
		Release|Any CPU = Release|Any CPU
	EndGlobalSection
	GlobalSection(ProjectConfigurationPlatforms) = postSolution
		{270D7B7A-75BC-49BF-AE8E-ABB2FBC8D117}.Debug|Any CPU.ActiveCfg = Debug|Any CPU
		{270D7B7A-75BC-49BF-AE8E-ABB2FBC8D117}.Debug|Any CPU.Build.0 = Debug|Any CPU
		{270D7B7A-75BC-49BF-AE8E-ABB2FBC8D117}.Release|Any CPU.ActiveCfg = Release|Any CPU
		{270D7B7A-75BC-49BF-AE8E-ABB2FBC8D117}.Release|Any CPU.Build.0 = Release|Any CPU
		{717D3E99-EFCF-46BE-BF30-8E970D2AE9D0}.Debug|Any CPU.ActiveCfg = Debug|Any CPU
		{717D3E99-EFCF-46BE-BF30-8E970D2AE9D0}.Debug|Any CPU.Build.0 = Debug|Any CPU
		{717D3E99-EFCF-46BE-BF30-8E970D2AE9D0}.Release|Any CPU.ActiveCfg = Release|Any CPU
		{717D3E99-EFCF-46BE-BF30-8E970D2AE9D0}.Release|Any CPU.Build.0 = Release|Any CPU
		{73D72485-A57C-4C63-A564-1A7B94A2B6D8}.Debug|Any CPU.ActiveCfg = Debug|Any CPU
		{73D72485-A57C-4C63-A564-1A7B94A2B6D8}.Debug|Any CPU.Build.0 = Debug|Any CPU
		{73D72485-A57C-4C63-A564-1A7B94A2B6D8}.Release|Any CPU.ActiveCfg = Release|Any CPU
		{73D72485-A57C-4C63-A564-1A7B94A2B6D8}.Release|Any CPU.Build.0 = Release|Any CPU
		{ACF5201B-625E-4356-A515-9D11768881A3}.Debug|Any CPU.ActiveCfg = Debug|Any CPU
		{ACF5201B-625E-4356-A515-9D11768881A3}.Debug|Any CPU.Build.0 = Debug|Any CPU
		{ACF5201B-625E-4356-A515-9D11768881A3}.Release|Any CPU.ActiveCfg = Release|Any CPU
		{ACF5201B-625E-4356-A515-9D11768881A3}.Release|Any CPU.Build.0 = Release|Any CPU
		{5293C8F4-FB29-4F98-B604-569B20ECF34C}.Debug|Any CPU.ActiveCfg = Debug|Any CPU
		{5293C8F4-FB29-4F98-B604-569B20ECF34C}.Debug|Any CPU.Build.0 = Debug|Any CPU
		{5293C8F4-FB29-4F98-B604-569B20ECF34C}.Release|Any CPU.ActiveCfg = Release|Any CPU
		{5293C8F4-FB29-4F98-B604-569B20ECF34C}.Release|Any CPU.Build.0 = Release|Any CPU
		{E9C49FF2-73F9-44A4-AAE7-2F959B5D2916}.Debug|Any CPU.ActiveCfg = Debug|Any CPU
		{E9C49FF2-73F9-44A4-AAE7-2F959B5D2916}.Debug|Any CPU.Build.0 = Debug|Any CPU
		{E9C49FF2-73F9-44A4-AAE7-2F959B5D2916}.Release|Any CPU.ActiveCfg = Release|Any CPU
		{E9C49FF2-73F9-44A4-AAE7-2F959B5D2916}.Release|Any CPU.Build.0 = Release|Any CPU
		{B65374FF-0CC7-470B-A138-7968EE9B1187}.Debug|Any CPU.ActiveCfg = Debug|Any CPU
		{B65374FF-0CC7-470B-A138-7968EE9B1187}.Debug|Any CPU.Build.0 = Debug|Any CPU
		{B65374FF-0CC7-470B-A138-7968EE9B1187}.Release|Any CPU.ActiveCfg = Release|Any CPU
		{B65374FF-0CC7-470B-A138-7968EE9B1187}.Release|Any CPU.Build.0 = Release|Any CPU
		{0D04D144-4F53-4C26-9E5E-AC87CB84DEFC}.Debug|Any CPU.ActiveCfg = Debug|Any CPU
		{0D04D144-4F53-4C26-9E5E-AC87CB84DEFC}.Debug|Any CPU.Build.0 = Debug|Any CPU
		{0D04D144-4F53-4C26-9E5E-AC87CB84DEFC}.Release|Any CPU.ActiveCfg = Release|Any CPU
		{0D04D144-4F53-4C26-9E5E-AC87CB84DEFC}.Release|Any CPU.Build.0 = Release|Any CPU
		{E7CF094A-3F92-456F-BB48-E3FD07C01D21}.Debug|Any CPU.ActiveCfg = Debug|Any CPU
		{E7CF094A-3F92-456F-BB48-E3FD07C01D21}.Debug|Any CPU.Build.0 = Debug|Any CPU
		{E7CF094A-3F92-456F-BB48-E3FD07C01D21}.Release|Any CPU.ActiveCfg = Release|Any CPU
		{E7CF094A-3F92-456F-BB48-E3FD07C01D21}.Release|Any CPU.Build.0 = Release|Any CPU
		{688ACDBE-64C2-4645-B83E-F9190E9CB09C}.Debug|Any CPU.ActiveCfg = Debug|Any CPU
		{688ACDBE-64C2-4645-B83E-F9190E9CB09C}.Debug|Any CPU.Build.0 = Debug|Any CPU
		{688ACDBE-64C2-4645-B83E-F9190E9CB09C}.Release|Any CPU.ActiveCfg = Release|Any CPU
		{688ACDBE-64C2-4645-B83E-F9190E9CB09C}.Release|Any CPU.Build.0 = Release|Any CPU
		{3B97C2DC-CB6F-4AE9-8214-6E3AF39A8B09}.Debug|Any CPU.ActiveCfg = Debug|Any CPU
		{3B97C2DC-CB6F-4AE9-8214-6E3AF39A8B09}.Debug|Any CPU.Build.0 = Debug|Any CPU
		{3B97C2DC-CB6F-4AE9-8214-6E3AF39A8B09}.Release|Any CPU.ActiveCfg = Release|Any CPU
		{3B97C2DC-CB6F-4AE9-8214-6E3AF39A8B09}.Release|Any CPU.Build.0 = Release|Any CPU
		{2B2DEFE6-E1CB-41BD-913D-699D66BFB4B1}.Debug|Any CPU.ActiveCfg = Debug|Any CPU
		{2B2DEFE6-E1CB-41BD-913D-699D66BFB4B1}.Debug|Any CPU.Build.0 = Debug|Any CPU
		{2B2DEFE6-E1CB-41BD-913D-699D66BFB4B1}.Release|Any CPU.ActiveCfg = Release|Any CPU
		{2B2DEFE6-E1CB-41BD-913D-699D66BFB4B1}.Release|Any CPU.Build.0 = Release|Any CPU
		{4ED0D450-FBE4-4B82-B1E9-55E83913B8A0}.Debug|Any CPU.ActiveCfg = Debug|Any CPU
		{4ED0D450-FBE4-4B82-B1E9-55E83913B8A0}.Debug|Any CPU.Build.0 = Debug|Any CPU
		{4ED0D450-FBE4-4B82-B1E9-55E83913B8A0}.Release|Any CPU.ActiveCfg = Release|Any CPU
		{4ED0D450-FBE4-4B82-B1E9-55E83913B8A0}.Release|Any CPU.Build.0 = Release|Any CPU
		{E19226CF-2EC6-47DB-82E1-780AC4BA3518}.Debug|Any CPU.ActiveCfg = Debug|Any CPU
		{E19226CF-2EC6-47DB-82E1-780AC4BA3518}.Debug|Any CPU.Build.0 = Debug|Any CPU
		{E19226CF-2EC6-47DB-82E1-780AC4BA3518}.Release|Any CPU.ActiveCfg = Release|Any CPU
		{E19226CF-2EC6-47DB-82E1-780AC4BA3518}.Release|Any CPU.Build.0 = Release|Any CPU
		{5BDC0FC0-EB57-4F71-AEB3-F396D5F110BE}.Debug|Any CPU.ActiveCfg = Debug|Any CPU
		{5BDC0FC0-EB57-4F71-AEB3-F396D5F110BE}.Debug|Any CPU.Build.0 = Debug|Any CPU
		{5BDC0FC0-EB57-4F71-AEB3-F396D5F110BE}.Release|Any CPU.ActiveCfg = Release|Any CPU
		{5BDC0FC0-EB57-4F71-AEB3-F396D5F110BE}.Release|Any CPU.Build.0 = Release|Any CPU
		{806E6917-E29C-4F84-A5D1-6556DDE2A6E1}.Debug|Any CPU.ActiveCfg = Debug|Any CPU
		{806E6917-E29C-4F84-A5D1-6556DDE2A6E1}.Debug|Any CPU.Build.0 = Debug|Any CPU
		{806E6917-E29C-4F84-A5D1-6556DDE2A6E1}.Release|Any CPU.ActiveCfg = Release|Any CPU
		{806E6917-E29C-4F84-A5D1-6556DDE2A6E1}.Release|Any CPU.Build.0 = Release|Any CPU
		{E0E70117-A258-4294-A700-865D671271D5}.Debug|Any CPU.ActiveCfg = Debug|Any CPU
		{E0E70117-A258-4294-A700-865D671271D5}.Debug|Any CPU.Build.0 = Debug|Any CPU
		{E0E70117-A258-4294-A700-865D671271D5}.Release|Any CPU.ActiveCfg = Release|Any CPU
		{E0E70117-A258-4294-A700-865D671271D5}.Release|Any CPU.Build.0 = Release|Any CPU
	EndGlobalSection
	GlobalSection(SolutionProperties) = preSolution
		HideSolutionNode = FALSE
	EndGlobalSection
EndGlobal
