
Microsoft Visual Studio Solution File, Format Version 12.00
# Visual Studio Express 2012 for Windows Desktop
Project("{8BC9CEB8-8B4A-11D0-8D11-00A0C91BC942}") = "test_atomic", "test_atomic\test_atomic.vcxproj", "{08B5ADB5-5151-4556-A998-D6703684479E}"
EndProject
Project("{8BC9CEB8-8B4A-11D0-8D11-00A0C91BC942}") = "test_chrono", "test_chrono\test_chrono.vcxproj", "{66376739-C6E1-4FAA-99FD-63C04D436AB9}"
EndProject
Project("{8BC9CEB8-8B4A-11D0-8D11-00A0C91BC942}") = "test_coroutine", "test_coroutine\test_coroutine.vcxproj", "{DA675B0E-FBB8-4B47-BF32-D8FB4C41F47A}"
EndProject
Project("{8BC9CEB8-8B4A-11D0-8D11-00A0C91BC942}") = "test_date_time", "test_date_time\test_date_time.vcxproj", "{B46F2DEF-F2C0-4EE3-8486-52B8D3337BA0}"
EndProject
Project("{8BC9CEB8-8B4A-11D0-8D11-00A0C91BC942}") = "test_exception", "test_exception\test_exception.vcxproj", "{03275469-6251-46F4-827F-7DF60B3A77C2}"
EndProject
Project("{8BC9CEB8-8B4A-11D0-8D11-00A0C91BC942}") = "test_filesystem", "test_filesystem\test_filesystem.vcxproj", "{BFE7D230-213F-4A15-A719-10D90D29F1C4}"
EndProject
Project("{8BC9CEB8-8B4A-11D0-8D11-00A0C91BC942}") = "test_graph", "test_graph\test_graph.vcxproj", "{7A73A2B8-727E-4B53-840C-043AB0A96898}"
EndProject
Project("{8BC9CEB8-8B4A-11D0-8D11-00A0C91BC942}") = "test_graph_parallel", "test_graph_parallel\test_graph_parallel.vcxproj", "{4239BD6B-B289-4485-8DF9-29A27404236C}"
EndProject
Project("{8BC9CEB8-8B4A-11D0-8D11-00A0C91BC942}") = "test_iostreams", "test_iostreams\test_iostreams.vcxproj", "{5344C97A-F480-450C-BD1E-0C74D5185F75}"
EndProject
Project("{8BC9CEB8-8B4A-11D0-8D11-00A0C91BC942}") = "test_locale", "test_locale\test_locale.vcxproj", "{7451CAA9-FE4C-4E53-B943-CD4B9E3ED6B3}"
EndProject
Project("{8BC9CEB8-8B4A-11D0-8D11-00A0C91BC942}") = "test_log", "test_log\test_log.vcxproj", "{6EDEEA46-5A49-4F06-AC9A-52519D295B0B}"
EndProject
Global
	GlobalSection(SolutionConfigurationPlatforms) = preSolution
		Debug|Any CPU = Debug|Any CPU
		Debug|Mixed Platforms = Debug|Mixed Platforms
		Debug|Win32 = Debug|Win32
		Release|Any CPU = Release|Any CPU
		Release|Mixed Platforms = Release|Mixed Platforms
		Release|Win32 = Release|Win32
	EndGlobalSection
	GlobalSection(ProjectConfigurationPlatforms) = postSolution
		{08B5ADB5-5151-4556-A998-D6703684479E}.Debug|Any CPU.ActiveCfg = Debug|Win32
		{08B5ADB5-5151-4556-A998-D6703684479E}.Debug|Mixed Platforms.ActiveCfg = Debug|Win32
		{08B5ADB5-5151-4556-A998-D6703684479E}.Debug|Mixed Platforms.Build.0 = Debug|Win32
		{08B5ADB5-5151-4556-A998-D6703684479E}.Debug|Mixed Platforms.Deploy.0 = Debug|Win32
		{08B5ADB5-5151-4556-A998-D6703684479E}.Debug|Win32.ActiveCfg = Debug|Win32
		{08B5ADB5-5151-4556-A998-D6703684479E}.Debug|Win32.Build.0 = Debug|Win32
		{08B5ADB5-5151-4556-A998-D6703684479E}.Debug|Win32.Deploy.0 = Debug|Win32
		{08B5ADB5-5151-4556-A998-D6703684479E}.Release|Any CPU.ActiveCfg = Release|Win32
		{08B5ADB5-5151-4556-A998-D6703684479E}.Release|Mixed Platforms.ActiveCfg = Release|Win32
		{08B5ADB5-5151-4556-A998-D6703684479E}.Release|Mixed Platforms.Build.0 = Release|Win32
		{08B5ADB5-5151-4556-A998-D6703684479E}.Release|Mixed Platforms.Deploy.0 = Release|Win32
		{08B5ADB5-5151-4556-A998-D6703684479E}.Release|Win32.ActiveCfg = Release|Win32
		{08B5ADB5-5151-4556-A998-D6703684479E}.Release|Win32.Build.0 = Release|Win32
		{08B5ADB5-5151-4556-A998-D6703684479E}.Release|Win32.Deploy.0 = Release|Win32
		{66376739-C6E1-4FAA-99FD-63C04D436AB9}.Debug|Any CPU.ActiveCfg = Debug|Win32
		{66376739-C6E1-4FAA-99FD-63C04D436AB9}.Debug|Mixed Platforms.ActiveCfg = Debug|Win32
		{66376739-C6E1-4FAA-99FD-63C04D436AB9}.Debug|Mixed Platforms.Build.0 = Debug|Win32
		{66376739-C6E1-4FAA-99FD-63C04D436AB9}.Debug|Mixed Platforms.Deploy.0 = Debug|Win32
		{66376739-C6E1-4FAA-99FD-63C04D436AB9}.Debug|Win32.ActiveCfg = Debug|Win32
		{66376739-C6E1-4FAA-99FD-63C04D436AB9}.Debug|Win32.Build.0 = Debug|Win32
		{66376739-C6E1-4FAA-99FD-63C04D436AB9}.Debug|Win32.Deploy.0 = Debug|Win32
		{66376739-C6E1-4FAA-99FD-63C04D436AB9}.Release|Any CPU.ActiveCfg = Release|Win32
		{66376739-C6E1-4FAA-99FD-63C04D436AB9}.Release|Mixed Platforms.ActiveCfg = Release|Win32
		{66376739-C6E1-4FAA-99FD-63C04D436AB9}.Release|Mixed Platforms.Build.0 = Release|Win32
		{66376739-C6E1-4FAA-99FD-63C04D436AB9}.Release|Mixed Platforms.Deploy.0 = Release|Win32
		{66376739-C6E1-4FAA-99FD-63C04D436AB9}.Release|Win32.ActiveCfg = Release|Win32
		{66376739-C6E1-4FAA-99FD-63C04D436AB9}.Release|Win32.Build.0 = Release|Win32
		{66376739-C6E1-4FAA-99FD-63C04D436AB9}.Release|Win32.Deploy.0 = Release|Win32
		{DA675B0E-FBB8-4B47-BF32-D8FB4C41F47A}.Debug|Any CPU.ActiveCfg = Debug|Win32
		{DA675B0E-FBB8-4B47-BF32-D8FB4C41F47A}.Debug|Mixed Platforms.ActiveCfg = Debug|Win32
		{DA675B0E-FBB8-4B47-BF32-D8FB4C41F47A}.Debug|Mixed Platforms.Build.0 = Debug|Win32
		{DA675B0E-FBB8-4B47-BF32-D8FB4C41F47A}.Debug|Mixed Platforms.Deploy.0 = Debug|Win32
		{DA675B0E-FBB8-4B47-BF32-D8FB4C41F47A}.Debug|Win32.ActiveCfg = Debug|Win32
		{DA675B0E-FBB8-4B47-BF32-D8FB4C41F47A}.Debug|Win32.Build.0 = Debug|Win32
		{DA675B0E-FBB8-4B47-BF32-D8FB4C41F47A}.Debug|Win32.Deploy.0 = Debug|Win32
		{DA675B0E-FBB8-4B47-BF32-D8FB4C41F47A}.Release|Any CPU.ActiveCfg = Release|Win32
		{DA675B0E-FBB8-4B47-BF32-D8FB4C41F47A}.Release|Mixed Platforms.ActiveCfg = Release|Win32
		{DA675B0E-FBB8-4B47-BF32-D8FB4C41F47A}.Release|Mixed Platforms.Build.0 = Release|Win32
		{DA675B0E-FBB8-4B47-BF32-D8FB4C41F47A}.Release|Mixed Platforms.Deploy.0 = Release|Win32
		{DA675B0E-FBB8-4B47-BF32-D8FB4C41F47A}.Release|Win32.ActiveCfg = Release|Win32
		{DA675B0E-FBB8-4B47-BF32-D8FB4C41F47A}.Release|Win32.Build.0 = Release|Win32
		{DA675B0E-FBB8-4B47-BF32-D8FB4C41F47A}.Release|Win32.Deploy.0 = Release|Win32
		{B46F2DEF-F2C0-4EE3-8486-52B8D3337BA0}.Debug|Any CPU.ActiveCfg = Debug|Win32
		{B46F2DEF-F2C0-4EE3-8486-52B8D3337BA0}.Debug|Mixed Platforms.ActiveCfg = Debug|Win32
		{B46F2DEF-F2C0-4EE3-8486-52B8D3337BA0}.Debug|Mixed Platforms.Build.0 = Debug|Win32
		{B46F2DEF-F2C0-4EE3-8486-52B8D3337BA0}.Debug|Mixed Platforms.Deploy.0 = Debug|Win32
		{B46F2DEF-F2C0-4EE3-8486-52B8D3337BA0}.Debug|Win32.ActiveCfg = Debug|Win32
		{B46F2DEF-F2C0-4EE3-8486-52B8D3337BA0}.Debug|Win32.Build.0 = Debug|Win32
		{B46F2DEF-F2C0-4EE3-8486-52B8D3337BA0}.Debug|Win32.Deploy.0 = Debug|Win32
		{B46F2DEF-F2C0-4EE3-8486-52B8D3337BA0}.Release|Any CPU.ActiveCfg = Release|Win32
		{B46F2DEF-F2C0-4EE3-8486-52B8D3337BA0}.Release|Mixed Platforms.ActiveCfg = Release|Win32
		{B46F2DEF-F2C0-4EE3-8486-52B8D3337BA0}.Release|Mixed Platforms.Build.0 = Release|Win32
		{B46F2DEF-F2C0-4EE3-8486-52B8D3337BA0}.Release|Mixed Platforms.Deploy.0 = Release|Win32
		{B46F2DEF-F2C0-4EE3-8486-52B8D3337BA0}.Release|Win32.ActiveCfg = Release|Win32
		{B46F2DEF-F2C0-4EE3-8486-52B8D3337BA0}.Release|Win32.Build.0 = Release|Win32
		{B46F2DEF-F2C0-4EE3-8486-52B8D3337BA0}.Release|Win32.Deploy.0 = Release|Win32
		{03275469-6251-46F4-827F-7DF60B3A77C2}.Debug|Any CPU.ActiveCfg = Debug|Win32
		{03275469-6251-46F4-827F-7DF60B3A77C2}.Debug|Mixed Platforms.ActiveCfg = Debug|Win32
		{03275469-6251-46F4-827F-7DF60B3A77C2}.Debug|Mixed Platforms.Build.0 = Debug|Win32
		{03275469-6251-46F4-827F-7DF60B3A77C2}.Debug|Mixed Platforms.Deploy.0 = Debug|Win32
		{03275469-6251-46F4-827F-7DF60B3A77C2}.Debug|Win32.ActiveCfg = Debug|Win32
		{03275469-6251-46F4-827F-7DF60B3A77C2}.Debug|Win32.Build.0 = Debug|Win32
		{03275469-6251-46F4-827F-7DF60B3A77C2}.Debug|Win32.Deploy.0 = Debug|Win32
		{03275469-6251-46F4-827F-7DF60B3A77C2}.Release|Any CPU.ActiveCfg = Release|Win32
		{03275469-6251-46F4-827F-7DF60B3A77C2}.Release|Mixed Platforms.ActiveCfg = Release|Win32
		{03275469-6251-46F4-827F-7DF60B3A77C2}.Release|Mixed Platforms.Build.0 = Release|Win32
		{03275469-6251-46F4-827F-7DF60B3A77C2}.Release|Mixed Platforms.Deploy.0 = Release|Win32
		{03275469-6251-46F4-827F-7DF60B3A77C2}.Release|Win32.ActiveCfg = Release|Win32
		{03275469-6251-46F4-827F-7DF60B3A77C2}.Release|Win32.Build.0 = Release|Win32
		{03275469-6251-46F4-827F-7DF60B3A77C2}.Release|Win32.Deploy.0 = Release|Win32
		{BFE7D230-213F-4A15-A719-10D90D29F1C4}.Debug|Any CPU.ActiveCfg = Debug|Win32
		{BFE7D230-213F-4A15-A719-10D90D29F1C4}.Debug|Mixed Platforms.ActiveCfg = Debug|Win32
		{BFE7D230-213F-4A15-A719-10D90D29F1C4}.Debug|Mixed Platforms.Build.0 = Debug|Win32
		{BFE7D230-213F-4A15-A719-10D90D29F1C4}.Debug|Mixed Platforms.Deploy.0 = Debug|Win32
		{BFE7D230-213F-4A15-A719-10D90D29F1C4}.Debug|Win32.ActiveCfg = Debug|Win32
		{BFE7D230-213F-4A15-A719-10D90D29F1C4}.Debug|Win32.Build.0 = Debug|Win32
		{BFE7D230-213F-4A15-A719-10D90D29F1C4}.Debug|Win32.Deploy.0 = Debug|Win32
		{BFE7D230-213F-4A15-A719-10D90D29F1C4}.Release|Any CPU.ActiveCfg = Release|Win32
		{BFE7D230-213F-4A15-A719-10D90D29F1C4}.Release|Mixed Platforms.ActiveCfg = Release|Win32
		{BFE7D230-213F-4A15-A719-10D90D29F1C4}.Release|Mixed Platforms.Build.0 = Release|Win32
		{BFE7D230-213F-4A15-A719-10D90D29F1C4}.Release|Mixed Platforms.Deploy.0 = Release|Win32
		{BFE7D230-213F-4A15-A719-10D90D29F1C4}.Release|Win32.ActiveCfg = Release|Win32
		{BFE7D230-213F-4A15-A719-10D90D29F1C4}.Release|Win32.Build.0 = Release|Win32
		{BFE7D230-213F-4A15-A719-10D90D29F1C4}.Release|Win32.Deploy.0 = Release|Win32
		{7A73A2B8-727E-4B53-840C-043AB0A96898}.Debug|Any CPU.ActiveCfg = Debug|Win32
		{7A73A2B8-727E-4B53-840C-043AB0A96898}.Debug|Mixed Platforms.ActiveCfg = Debug|Win32
		{7A73A2B8-727E-4B53-840C-043AB0A96898}.Debug|Mixed Platforms.Build.0 = Debug|Win32
		{7A73A2B8-727E-4B53-840C-043AB0A96898}.Debug|Mixed Platforms.Deploy.0 = Debug|Win32
		{7A73A2B8-727E-4B53-840C-043AB0A96898}.Debug|Win32.ActiveCfg = Debug|Win32
		{7A73A2B8-727E-4B53-840C-043AB0A96898}.Debug|Win32.Build.0 = Debug|Win32
		{7A73A2B8-727E-4B53-840C-043AB0A96898}.Debug|Win32.Deploy.0 = Debug|Win32
		{7A73A2B8-727E-4B53-840C-043AB0A96898}.Release|Any CPU.ActiveCfg = Release|Win32
		{7A73A2B8-727E-4B53-840C-043AB0A96898}.Release|Mixed Platforms.ActiveCfg = Release|Win32
		{7A73A2B8-727E-4B53-840C-043AB0A96898}.Release|Mixed Platforms.Build.0 = Release|Win32
		{7A73A2B8-727E-4B53-840C-043AB0A96898}.Release|Mixed Platforms.Deploy.0 = Release|Win32
		{7A73A2B8-727E-4B53-840C-043AB0A96898}.Release|Win32.ActiveCfg = Release|Win32
		{7A73A2B8-727E-4B53-840C-043AB0A96898}.Release|Win32.Build.0 = Release|Win32
		{7A73A2B8-727E-4B53-840C-043AB0A96898}.Release|Win32.Deploy.0 = Release|Win32
		{4239BD6B-B289-4485-8DF9-29A27404236C}.Debug|Any CPU.ActiveCfg = Debug|Win32
		{4239BD6B-B289-4485-8DF9-29A27404236C}.Debug|Mixed Platforms.ActiveCfg = Debug|Win32
		{4239BD6B-B289-4485-8DF9-29A27404236C}.Debug|Mixed Platforms.Build.0 = Debug|Win32
		{4239BD6B-B289-4485-8DF9-29A27404236C}.Debug|Mixed Platforms.Deploy.0 = Debug|Win32
		{4239BD6B-B289-4485-8DF9-29A27404236C}.Debug|Win32.ActiveCfg = Debug|Win32
		{4239BD6B-B289-4485-8DF9-29A27404236C}.Debug|Win32.Build.0 = Debug|Win32
		{4239BD6B-B289-4485-8DF9-29A27404236C}.Debug|Win32.Deploy.0 = Debug|Win32
		{4239BD6B-B289-4485-8DF9-29A27404236C}.Release|Any CPU.ActiveCfg = Release|Win32
		{4239BD6B-B289-4485-8DF9-29A27404236C}.Release|Mixed Platforms.ActiveCfg = Release|Win32
		{4239BD6B-B289-4485-8DF9-29A27404236C}.Release|Mixed Platforms.Build.0 = Release|Win32
		{4239BD6B-B289-4485-8DF9-29A27404236C}.Release|Mixed Platforms.Deploy.0 = Release|Win32
		{4239BD6B-B289-4485-8DF9-29A27404236C}.Release|Win32.ActiveCfg = Release|Win32
		{4239BD6B-B289-4485-8DF9-29A27404236C}.Release|Win32.Build.0 = Release|Win32
		{4239BD6B-B289-4485-8DF9-29A27404236C}.Release|Win32.Deploy.0 = Release|Win32
		{5344C97A-F480-450C-BD1E-0C74D5185F75}.Debug|Any CPU.ActiveCfg = Debug|Win32
		{5344C97A-F480-450C-BD1E-0C74D5185F75}.Debug|Mixed Platforms.ActiveCfg = Debug|Win32
		{5344C97A-F480-450C-BD1E-0C74D5185F75}.Debug|Mixed Platforms.Build.0 = Debug|Win32
		{5344C97A-F480-450C-BD1E-0C74D5185F75}.Debug|Mixed Platforms.Deploy.0 = Debug|Win32
		{5344C97A-F480-450C-BD1E-0C74D5185F75}.Debug|Win32.ActiveCfg = Debug|Win32
		{5344C97A-F480-450C-BD1E-0C74D5185F75}.Debug|Win32.Build.0 = Debug|Win32
		{5344C97A-F480-450C-BD1E-0C74D5185F75}.Debug|Win32.Deploy.0 = Debug|Win32
		{5344C97A-F480-450C-BD1E-0C74D5185F75}.Release|Any CPU.ActiveCfg = Release|Win32
		{5344C97A-F480-450C-BD1E-0C74D5185F75}.Release|Mixed Platforms.ActiveCfg = Release|Win32
		{5344C97A-F480-450C-BD1E-0C74D5185F75}.Release|Mixed Platforms.Build.0 = Release|Win32
		{5344C97A-F480-450C-BD1E-0C74D5185F75}.Release|Mixed Platforms.Deploy.0 = Release|Win32
		{5344C97A-F480-450C-BD1E-0C74D5185F75}.Release|Win32.ActiveCfg = Release|Win32
		{5344C97A-F480-450C-BD1E-0C74D5185F75}.Release|Win32.Build.0 = Release|Win32
		{5344C97A-F480-450C-BD1E-0C74D5185F75}.Release|Win32.Deploy.0 = Release|Win32
		{7451CAA9-FE4C-4E53-B943-CD4B9E3ED6B3}.Debug|Any CPU.ActiveCfg = Debug|Win32
		{7451CAA9-FE4C-4E53-B943-CD4B9E3ED6B3}.Debug|Mixed Platforms.ActiveCfg = Debug|Win32
		{7451CAA9-FE4C-4E53-B943-CD4B9E3ED6B3}.Debug|Mixed Platforms.Build.0 = Debug|Win32
		{7451CAA9-FE4C-4E53-B943-CD4B9E3ED6B3}.Debug|Mixed Platforms.Deploy.0 = Debug|Win32
		{7451CAA9-FE4C-4E53-B943-CD4B9E3ED6B3}.Debug|Win32.ActiveCfg = Debug|Win32
		{7451CAA9-FE4C-4E53-B943-CD4B9E3ED6B3}.Debug|Win32.Build.0 = Debug|Win32
		{7451CAA9-FE4C-4E53-B943-CD4B9E3ED6B3}.Debug|Win32.Deploy.0 = Debug|Win32
		{7451CAA9-FE4C-4E53-B943-CD4B9E3ED6B3}.Release|Any CPU.ActiveCfg = Release|Win32
		{7451CAA9-FE4C-4E53-B943-CD4B9E3ED6B3}.Release|Mixed Platforms.ActiveCfg = Release|Win32
		{7451CAA9-FE4C-4E53-B943-CD4B9E3ED6B3}.Release|Mixed Platforms.Build.0 = Release|Win32
		{7451CAA9-FE4C-4E53-B943-CD4B9E3ED6B3}.Release|Mixed Platforms.Deploy.0 = Release|Win32
		{7451CAA9-FE4C-4E53-B943-CD4B9E3ED6B3}.Release|Win32.ActiveCfg = Release|Win32
		{7451CAA9-FE4C-4E53-B943-CD4B9E3ED6B3}.Release|Win32.Build.0 = Release|Win32
		{7451CAA9-FE4C-4E53-B943-CD4B9E3ED6B3}.Release|Win32.Deploy.0 = Release|Win32
		{6EDEEA46-5A49-4F06-AC9A-52519D295B0B}.Debug|Any CPU.ActiveCfg = Debug|Win32
		{6EDEEA46-5A49-4F06-AC9A-52519D295B0B}.Debug|Mixed Platforms.ActiveCfg = Debug|Win32
		{6EDEEA46-5A49-4F06-AC9A-52519D295B0B}.Debug|Mixed Platforms.Build.0 = Debug|Win32
		{6EDEEA46-5A49-4F06-AC9A-52519D295B0B}.Debug|Mixed Platforms.Deploy.0 = Debug|Win32
		{6EDEEA46-5A49-4F06-AC9A-52519D295B0B}.Debug|Win32.ActiveCfg = Debug|Win32
		{6EDEEA46-5A49-4F06-AC9A-52519D295B0B}.Debug|Win32.Build.0 = Debug|Win32
		{6EDEEA46-5A49-4F06-AC9A-52519D295B0B}.Debug|Win32.Deploy.0 = Debug|Win32
		{6EDEEA46-5A49-4F06-AC9A-52519D295B0B}.Release|Any CPU.ActiveCfg = Release|Win32
		{6EDEEA46-5A49-4F06-AC9A-52519D295B0B}.Release|Mixed Platforms.ActiveCfg = Release|Win32
		{6EDEEA46-5A49-4F06-AC9A-52519D295B0B}.Release|Mixed Platforms.Build.0 = Release|Win32
		{6EDEEA46-5A49-4F06-AC9A-52519D295B0B}.Release|Mixed Platforms.Deploy.0 = Release|Win32
		{6EDEEA46-5A49-4F06-AC9A-52519D295B0B}.Release|Win32.ActiveCfg = Release|Win32
		{6EDEEA46-5A49-4F06-AC9A-52519D295B0B}.Release|Win32.Build.0 = Release|Win32
		{6EDEEA46-5A49-4F06-AC9A-52519D295B0B}.Release|Win32.Deploy.0 = Release|Win32
	EndGlobalSection
	GlobalSection(SolutionProperties) = preSolution
		HideSolutionNode = FALSE
	EndGlobalSection
EndGlobal
