
Microsoft Visual Studio Solution File, Format Version 11.00
# Visual C++ Express 2010
Project("{8BC9CEB8-8B4A-11D0-8D11-00A0C91BC942}") = "citylizard", "citylizard.vcxproj", "{AC9DDA3E-0D35-4EAA-842C-1AB41B062E47}"
EndProject
Global
	GlobalSection(SolutionConfigurationPlatforms) = preSolution
		Debug|Win32 = Debug|Win32
		Release|Win32 = Release|Win32
	EndGlobalSection
	GlobalSection(ProjectConfigurationPlatforms) = postSolution
		{AC9DDA3E-0D35-4EAA-842C-1AB41B062E47}.Debug|Win32.ActiveCfg = Debug|Win32
		{AC9DDA3E-0D35-4EAA-842C-1AB41B062E47}.Debug|Win32.Build.0 = Debug|Win32
		{AC9DDA3E-0D35-4EAA-842C-1AB41B062E47}.Release|Win32.ActiveCfg = Release|Win32
		{AC9DDA3E-0D35-4EAA-842C-1AB41B062E47}.Release|Win32.Build.0 = Release|Win32
	EndGlobalSection
	GlobalSection(SolutionProperties) = preSolution
		HideSolutionNode = FALSE
	EndGlobalSection
EndGlobal
