
Microsoft Visual Studio Solution File, Format Version 11.00
# Visual C# Express 2010
Project("{FAE04EC0-301F-11D3-BF4B-00C04F79EFBC}") = "CityLizard.XHtml", "CityLizard.XHtml.csproj", "{6FE3FEA1-939D-4A70-A8C8-4C98372DC6F7}"
EndProject
Project("{FAE04EC0-301F-11D3-BF4B-00C04F79EFBC}") = "CityLizard.Xml", "..\Xml\CityLizard.Xml.csproj", "{270D7B7A-75BC-49BF-AE8E-ABB2FBC8D117}"
EndProject
Global
	GlobalSection(SolutionConfigurationPlatforms) = preSolution
		Debug|Any CPU = Debug|Any CPU
		Release|Any CPU = Release|Any CPU
	EndGlobalSection
	GlobalSection(ProjectConfigurationPlatforms) = postSolution
		{6FE3FEA1-939D-4A70-A8C8-4C98372DC6F7}.Debug|Any CPU.ActiveCfg = Debug|Any CPU
		{6FE3FEA1-939D-4A70-A8C8-4C98372DC6F7}.Debug|Any CPU.Build.0 = Debug|Any CPU
		{6FE3FEA1-939D-4A70-A8C8-4C98372DC6F7}.Release|Any CPU.ActiveCfg = Release|Any CPU
		{6FE3FEA1-939D-4A70-A8C8-4C98372DC6F7}.Release|Any CPU.Build.0 = Release|Any CPU
		{270D7B7A-75BC-49BF-AE8E-ABB2FBC8D117}.Debug|Any CPU.ActiveCfg = Debug|Any CPU
		{270D7B7A-75BC-49BF-AE8E-ABB2FBC8D117}.Debug|Any CPU.Build.0 = Debug|Any CPU
		{270D7B7A-75BC-49BF-AE8E-ABB2FBC8D117}.Release|Any CPU.ActiveCfg = Release|Any CPU
		{270D7B7A-75BC-49BF-AE8E-ABB2FBC8D117}.Release|Any CPU.Build.0 = Release|Any CPU
	EndGlobalSection
	GlobalSection(SolutionProperties) = preSolution
		HideSolutionNode = FALSE
	EndGlobalSection
EndGlobal
