
Microsoft Visual Studio Solution File, Format Version 12.00
# Visual Studio Express 2013 for Windows
VisualStudioVersion = 12.0.21005.1
MinimumVisualStudioVersion = 10.0.40219.1
Project("{FAE04EC0-301F-11D3-BF4B-00C04F79EFBC}") = "CityLizard.Core", "CityLizard.Core\CityLizard.Core.csproj", "{426763DC-9C9F-4599-AB8C-8F6580522F3E}"
EndProject
Project("{FAE04EC0-301F-11D3-BF4B-00C04F79EFBC}") = "CityLizard.Fsm", "CityLizard.Fsm\CityLizard.Fsm.csproj", "{0283900A-E85F-4F1B-AFC4-B62E820B603C}"
EndProject
Global
	GlobalSection(SolutionConfigurationPlatforms) = preSolution
		Debug|Any CPU = Debug|Any CPU
		Debug|ARM = Debug|ARM
		Debug|x64 = Debug|x64
		Debug|x86 = Debug|x86
		Release|Any CPU = Release|Any CPU
		Release|ARM = Release|ARM
		Release|x64 = Release|x64
		Release|x86 = Release|x86
	EndGlobalSection
	GlobalSection(ProjectConfigurationPlatforms) = postSolution
		{426763DC-9C9F-4599-AB8C-8F6580522F3E}.Debug|Any CPU.ActiveCfg = Debug|Any CPU
		{426763DC-9C9F-4599-AB8C-8F6580522F3E}.Debug|Any CPU.Build.0 = Debug|Any CPU
		{426763DC-9C9F-4599-AB8C-8F6580522F3E}.Debug|ARM.ActiveCfg = Debug|ARM
		{426763DC-9C9F-4599-AB8C-8F6580522F3E}.Debug|ARM.Build.0 = Debug|ARM
		{426763DC-9C9F-4599-AB8C-8F6580522F3E}.Debug|x64.ActiveCfg = Debug|x64
		{426763DC-9C9F-4599-AB8C-8F6580522F3E}.Debug|x64.Build.0 = Debug|x64
		{426763DC-9C9F-4599-AB8C-8F6580522F3E}.Debug|x86.ActiveCfg = Debug|x86
		{426763DC-9C9F-4599-AB8C-8F6580522F3E}.Debug|x86.Build.0 = Debug|x86
		{426763DC-9C9F-4599-AB8C-8F6580522F3E}.Release|Any CPU.ActiveCfg = Release|Any CPU
		{426763DC-9C9F-4599-AB8C-8F6580522F3E}.Release|Any CPU.Build.0 = Release|Any CPU
		{426763DC-9C9F-4599-AB8C-8F6580522F3E}.Release|ARM.ActiveCfg = Release|ARM
		{426763DC-9C9F-4599-AB8C-8F6580522F3E}.Release|ARM.Build.0 = Release|ARM
		{426763DC-9C9F-4599-AB8C-8F6580522F3E}.Release|x64.ActiveCfg = Release|x64
		{426763DC-9C9F-4599-AB8C-8F6580522F3E}.Release|x64.Build.0 = Release|x64
		{426763DC-9C9F-4599-AB8C-8F6580522F3E}.Release|x86.ActiveCfg = Release|x86
		{426763DC-9C9F-4599-AB8C-8F6580522F3E}.Release|x86.Build.0 = Release|x86
		{0283900A-E85F-4F1B-AFC4-B62E820B603C}.Debug|Any CPU.ActiveCfg = Debug|Any CPU
		{0283900A-E85F-4F1B-AFC4-B62E820B603C}.Debug|Any CPU.Build.0 = Debug|Any CPU
		{0283900A-E85F-4F1B-AFC4-B62E820B603C}.Debug|ARM.ActiveCfg = Debug|ARM
		{0283900A-E85F-4F1B-AFC4-B62E820B603C}.Debug|ARM.Build.0 = Debug|ARM
		{0283900A-E85F-4F1B-AFC4-B62E820B603C}.Debug|x64.ActiveCfg = Debug|x64
		{0283900A-E85F-4F1B-AFC4-B62E820B603C}.Debug|x64.Build.0 = Debug|x64
		{0283900A-E85F-4F1B-AFC4-B62E820B603C}.Debug|x86.ActiveCfg = Debug|x86
		{0283900A-E85F-4F1B-AFC4-B62E820B603C}.Debug|x86.Build.0 = Debug|x86
		{0283900A-E85F-4F1B-AFC4-B62E820B603C}.Release|Any CPU.ActiveCfg = Release|Any CPU
		{0283900A-E85F-4F1B-AFC4-B62E820B603C}.Release|Any CPU.Build.0 = Release|Any CPU
		{0283900A-E85F-4F1B-AFC4-B62E820B603C}.Release|ARM.ActiveCfg = Release|ARM
		{0283900A-E85F-4F1B-AFC4-B62E820B603C}.Release|ARM.Build.0 = Release|ARM
		{0283900A-E85F-4F1B-AFC4-B62E820B603C}.Release|x64.ActiveCfg = Release|x64
		{0283900A-E85F-4F1B-AFC4-B62E820B603C}.Release|x64.Build.0 = Release|x64
		{0283900A-E85F-4F1B-AFC4-B62E820B603C}.Release|x86.ActiveCfg = Release|x86
		{0283900A-E85F-4F1B-AFC4-B62E820B603C}.Release|x86.Build.0 = Release|x86
	EndGlobalSection
	GlobalSection(SolutionProperties) = preSolution
		HideSolutionNode = FALSE
	EndGlobalSection
EndGlobal
