
Microsoft Visual Studio Solution File, Format Version 12.00
# Visual Studio Express 2012 for Windows Desktop
Project("{FAE04EC0-301F-11D3-BF4B-00C04F79EFBC}") = "CityLizard.Html5", "CityLizard.Html5\CityLizard.Html5.csproj", "{12D93263-85B6-44C6-9322-570C2DFC788F}"
EndProject
Global
	GlobalSection(SolutionConfigurationPlatforms) = preSolution
		Debug|Any CPU = Debug|Any CPU
		Release|Any CPU = Release|Any CPU
	EndGlobalSection
	GlobalSection(ProjectConfigurationPlatforms) = postSolution
		{12D93263-85B6-44C6-9322-570C2DFC788F}.Debug|Any CPU.ActiveCfg = Debug|Any CPU
		{12D93263-85B6-44C6-9322-570C2DFC788F}.Debug|Any CPU.Build.0 = Debug|Any CPU
		{12D93263-85B6-44C6-9322-570C2DFC788F}.Release|Any CPU.ActiveCfg = Release|Any CPU
		{12D93263-85B6-44C6-9322-570C2DFC788F}.Release|Any CPU.Build.0 = Release|Any CPU
	EndGlobalSection
	GlobalSection(SolutionProperties) = preSolution
		HideSolutionNode = FALSE
	EndGlobalSection
EndGlobal
