
Microsoft Visual Studio Solution File, Format Version 12.00
# Visual Studio Express 2012 for Web
Project("{FAE04EC0-301F-11D3-BF4B-00C04F79EFBC}") = "CityLizard.Core", "CityLizard.Core\CityLizard.Core.csproj", "{23AFDC85-4100-4A37-AD3B-E8DDD29BA3FB}"
EndProject
Project("{FAE04EC0-301F-11D3-BF4B-00C04F79EFBC}") = "CityLizard.Fsm", "CityLizard.Fsm\CityLizard.Fsm.csproj", "{C647ACFE-1865-444B-A1E1-92EA6EAC060E}"
EndProject
Global
	GlobalSection(SolutionConfigurationPlatforms) = preSolution
		Debug|Any CPU = Debug|Any CPU
		Release|Any CPU = Release|Any CPU
	EndGlobalSection
	GlobalSection(ProjectConfigurationPlatforms) = postSolution
		{23AFDC85-4100-4A37-AD3B-E8DDD29BA3FB}.Debug|Any CPU.ActiveCfg = Debug|Any CPU
		{23AFDC85-4100-4A37-AD3B-E8DDD29BA3FB}.Debug|Any CPU.Build.0 = Debug|Any CPU
		{23AFDC85-4100-4A37-AD3B-E8DDD29BA3FB}.Release|Any CPU.ActiveCfg = Release|Any CPU
		{23AFDC85-4100-4A37-AD3B-E8DDD29BA3FB}.Release|Any CPU.Build.0 = Release|Any CPU
		{C647ACFE-1865-444B-A1E1-92EA6EAC060E}.Debug|Any CPU.ActiveCfg = Debug|Any CPU
		{C647ACFE-1865-444B-A1E1-92EA6EAC060E}.Debug|Any CPU.Build.0 = Debug|Any CPU
		{C647ACFE-1865-444B-A1E1-92EA6EAC060E}.Release|Any CPU.ActiveCfg = Release|Any CPU
		{C647ACFE-1865-444B-A1E1-92EA6EAC060E}.Release|Any CPU.Build.0 = Release|Any CPU
	EndGlobalSection
	GlobalSection(SolutionProperties) = preSolution
		HideSolutionNode = FALSE
	EndGlobalSection
EndGlobal
