
Microsoft Visual Studio Solution File, Format Version 12.00
# Visual Studio Express 2012 for Windows Desktop
Project("{8BC9CEB8-8B4A-11D0-8D11-00A0C91BC942}") = "test_atomic", "test_atomic\test_atomic.vcxproj", "{0D240F22-9FB9-4F9A-A405-2DA491EC2A9A}"
EndProject
Project("{8BC9CEB8-8B4A-11D0-8D11-00A0C91BC942}") = "test_chrono", "test_chrono\test_chrono.vcxproj", "{72473FB3-FE62-4796-8C59-1C88E6906866}"
EndProject
Project("{8BC9CEB8-8B4A-11D0-8D11-00A0C91BC942}") = "test_system", "test_system\test_system.vcxproj", "{E1DD3737-6420-4BC0-A0F5-514E05A8916B}"
EndProject
Project("{8BC9CEB8-8B4A-11D0-8D11-00A0C91BC942}") = "test_context", "test_context\test_context.vcxproj", "{476FB711-2577-421A-8073-F7D23FFA26E2}"
EndProject
Project("{8BC9CEB8-8B4A-11D0-8D11-00A0C91BC942}") = "test_coroutine", "test_coroutine\test_coroutine.vcxproj", "{2CC20409-BB03-419F-87B7-49D032B264F5}"
EndProject
Project("{8BC9CEB8-8B4A-11D0-8D11-00A0C91BC942}") = "test_date_time", "test_date_time\test_date_time.vcxproj", "{E4E615CF-AF4C-43A4-8D5F-0C0BC3CA522A}"
EndProject
Project("{8BC9CEB8-8B4A-11D0-8D11-00A0C91BC942}") = "test_exception", "test_exception\test_exception.vcxproj", "{4509413A-83AA-40B6-83F8-00D4BCA9C9A3}"
EndProject
Project("{8BC9CEB8-8B4A-11D0-8D11-00A0C91BC942}") = "test_filesystem", "test_filesystem\test_filesystem.vcxproj", "{42879C2A-B675-4EC3-A599-C68803034C4B}"
EndProject
Project("{8BC9CEB8-8B4A-11D0-8D11-00A0C91BC942}") = "test_graph_parallel", "test_graph_parallel\test_graph_parallel.vcxproj", "{E9BE53DD-1D75-41A5-A798-47927E9C8A05}"
EndProject
Project("{8BC9CEB8-8B4A-11D0-8D11-00A0C91BC942}") = "test_mpi", "test_mpi\test_mpi.vcxproj", "{9EC1ED46-C7B1-496C-AD08-05C53F402AF8}"
EndProject
Project("{8BC9CEB8-8B4A-11D0-8D11-00A0C91BC942}") = "test_serialization", "test_serialization\test_serialization.vcxproj", "{D18C54EF-0D3D-4776-8C53-FDB0EAF19913}"
EndProject
Project("{8BC9CEB8-8B4A-11D0-8D11-00A0C91BC942}") = "test_graph", "test_graph\test_graph.vcxproj", "{5A8D7B38-68D9-4DA7-B5A4-B528D1F149E8}"
EndProject
Project("{8BC9CEB8-8B4A-11D0-8D11-00A0C91BC942}") = "test_regex", "test_regex\test_regex.vcxproj", "{4E2D5F21-4288-4695-B4C7-1C2EE0619A4A}"
EndProject
Project("{8BC9CEB8-8B4A-11D0-8D11-00A0C91BC942}") = "test_iostreams", "test_iostreams\test_iostreams.vcxproj", "{0A410B33-AB80-430D-BD26-9853B668F810}"
EndProject
Project("{8BC9CEB8-8B4A-11D0-8D11-00A0C91BC942}") = "test_locale", "test_locale\test_locale.vcxproj", "{44991556-6961-4EC5-87F1-E55FFE7736CA}"
EndProject
Project("{8BC9CEB8-8B4A-11D0-8D11-00A0C91BC942}") = "test_thread", "test_thread\test_thread.vcxproj", "{0B10EECE-668C-4B92-8C06-708FC368335E}"
EndProject
Project("{8BC9CEB8-8B4A-11D0-8D11-00A0C91BC942}") = "test_log", "test_log\test_log.vcxproj", "{0E1BDAE0-3BA6-48F5-B91A-2017600611C9}"
EndProject
Project("{8BC9CEB8-8B4A-11D0-8D11-00A0C91BC942}") = "test_log_setup", "test_log_setup\test_log_setup.vcxproj", "{1554A560-3BF2-4072-BA7E-7D54BBCF31E5}"
EndProject
Project("{8BC9CEB8-8B4A-11D0-8D11-00A0C91BC942}") = "test_math", "test_math\test_math.vcxproj", "{C2CF4FD9-0C72-4896-B3B3-D30647950051}"
EndProject
Project("{8BC9CEB8-8B4A-11D0-8D11-00A0C91BC942}") = "test_program_options", "test_program_options\test_program_options.vcxproj", "{48E23A78-A44A-493B-9502-5A3D438739BA}"
EndProject
Project("{8BC9CEB8-8B4A-11D0-8D11-00A0C91BC942}") = "test_random", "test_random\test_random.vcxproj", "{0FD1FEE3-2027-440E-8C1E-428527A51B9D}"
EndProject
Project("{8BC9CEB8-8B4A-11D0-8D11-00A0C91BC942}") = "test_signals", "test_signals\test_signals.vcxproj", "{045F139E-F942-4EC5-9934-1402DF79F423}"
EndProject
Project("{8BC9CEB8-8B4A-11D0-8D11-00A0C91BC942}") = "test_smart_ptr", "test_smart_ptr\test_smart_ptr.vcxproj", "{440EE99F-41D3-4E5F-A2BC-EC6C7BD92865}"
EndProject
Project("{8BC9CEB8-8B4A-11D0-8D11-00A0C91BC942}") = "test_test", "test_test\test_test.vcxproj", "{8AB4CCC9-C6A2-42E8-8081-4C7D8E0633B7}"
EndProject
Project("{8BC9CEB8-8B4A-11D0-8D11-00A0C91BC942}") = "test_timer", "test_timer\test_timer.vcxproj", "{966E9C75-4E99-4D64-AE45-5BB565B3F9AA}"
EndProject
Project("{8BC9CEB8-8B4A-11D0-8D11-00A0C91BC942}") = "test_wave", "test_wave\test_wave.vcxproj", "{0EC4AB5A-6216-4B64-97A8-6C38A13C8060}"
EndProject
Global
	GlobalSection(SolutionConfigurationPlatforms) = preSolution
		Debug|Win32 = Debug|Win32
		Release|Win32 = Release|Win32
	EndGlobalSection
	GlobalSection(ProjectConfigurationPlatforms) = postSolution
		{0D240F22-9FB9-4F9A-A405-2DA491EC2A9A}.Debug|Win32.ActiveCfg = Debug|Win32
		{0D240F22-9FB9-4F9A-A405-2DA491EC2A9A}.Debug|Win32.Build.0 = Debug|Win32
		{0D240F22-9FB9-4F9A-A405-2DA491EC2A9A}.Debug|Win32.Deploy.0 = Debug|Win32
		{0D240F22-9FB9-4F9A-A405-2DA491EC2A9A}.Release|Win32.ActiveCfg = Release|Win32
		{0D240F22-9FB9-4F9A-A405-2DA491EC2A9A}.Release|Win32.Build.0 = Release|Win32
		{0D240F22-9FB9-4F9A-A405-2DA491EC2A9A}.Release|Win32.Deploy.0 = Release|Win32
		{72473FB3-FE62-4796-8C59-1C88E6906866}.Debug|Win32.ActiveCfg = Debug|Win32
		{72473FB3-FE62-4796-8C59-1C88E6906866}.Debug|Win32.Build.0 = Debug|Win32
		{72473FB3-FE62-4796-8C59-1C88E6906866}.Debug|Win32.Deploy.0 = Debug|Win32
		{72473FB3-FE62-4796-8C59-1C88E6906866}.Release|Win32.ActiveCfg = Release|Win32
		{72473FB3-FE62-4796-8C59-1C88E6906866}.Release|Win32.Build.0 = Release|Win32
		{72473FB3-FE62-4796-8C59-1C88E6906866}.Release|Win32.Deploy.0 = Release|Win32
		{E1DD3737-6420-4BC0-A0F5-514E05A8916B}.Debug|Win32.ActiveCfg = Debug|Win32
		{E1DD3737-6420-4BC0-A0F5-514E05A8916B}.Debug|Win32.Build.0 = Debug|Win32
		{E1DD3737-6420-4BC0-A0F5-514E05A8916B}.Debug|Win32.Deploy.0 = Debug|Win32
		{E1DD3737-6420-4BC0-A0F5-514E05A8916B}.Release|Win32.ActiveCfg = Release|Win32
		{E1DD3737-6420-4BC0-A0F5-514E05A8916B}.Release|Win32.Build.0 = Release|Win32
		{E1DD3737-6420-4BC0-A0F5-514E05A8916B}.Release|Win32.Deploy.0 = Release|Win32
		{476FB711-2577-421A-8073-F7D23FFA26E2}.Debug|Win32.ActiveCfg = Debug|Win32
		{476FB711-2577-421A-8073-F7D23FFA26E2}.Debug|Win32.Build.0 = Debug|Win32
		{476FB711-2577-421A-8073-F7D23FFA26E2}.Debug|Win32.Deploy.0 = Debug|Win32
		{476FB711-2577-421A-8073-F7D23FFA26E2}.Release|Win32.ActiveCfg = Release|Win32
		{476FB711-2577-421A-8073-F7D23FFA26E2}.Release|Win32.Build.0 = Release|Win32
		{476FB711-2577-421A-8073-F7D23FFA26E2}.Release|Win32.Deploy.0 = Release|Win32
		{2CC20409-BB03-419F-87B7-49D032B264F5}.Debug|Win32.ActiveCfg = Debug|Win32
		{2CC20409-BB03-419F-87B7-49D032B264F5}.Debug|Win32.Build.0 = Debug|Win32
		{2CC20409-BB03-419F-87B7-49D032B264F5}.Debug|Win32.Deploy.0 = Debug|Win32
		{2CC20409-BB03-419F-87B7-49D032B264F5}.Release|Win32.ActiveCfg = Release|Win32
		{2CC20409-BB03-419F-87B7-49D032B264F5}.Release|Win32.Build.0 = Release|Win32
		{2CC20409-BB03-419F-87B7-49D032B264F5}.Release|Win32.Deploy.0 = Release|Win32
		{E4E615CF-AF4C-43A4-8D5F-0C0BC3CA522A}.Debug|Win32.ActiveCfg = Debug|Win32
		{E4E615CF-AF4C-43A4-8D5F-0C0BC3CA522A}.Debug|Win32.Build.0 = Debug|Win32
		{E4E615CF-AF4C-43A4-8D5F-0C0BC3CA522A}.Debug|Win32.Deploy.0 = Debug|Win32
		{E4E615CF-AF4C-43A4-8D5F-0C0BC3CA522A}.Release|Win32.ActiveCfg = Release|Win32
		{E4E615CF-AF4C-43A4-8D5F-0C0BC3CA522A}.Release|Win32.Build.0 = Release|Win32
		{E4E615CF-AF4C-43A4-8D5F-0C0BC3CA522A}.Release|Win32.Deploy.0 = Release|Win32
		{4509413A-83AA-40B6-83F8-00D4BCA9C9A3}.Debug|Win32.ActiveCfg = Debug|Win32
		{4509413A-83AA-40B6-83F8-00D4BCA9C9A3}.Debug|Win32.Build.0 = Debug|Win32
		{4509413A-83AA-40B6-83F8-00D4BCA9C9A3}.Debug|Win32.Deploy.0 = Debug|Win32
		{4509413A-83AA-40B6-83F8-00D4BCA9C9A3}.Release|Win32.ActiveCfg = Release|Win32
		{4509413A-83AA-40B6-83F8-00D4BCA9C9A3}.Release|Win32.Build.0 = Release|Win32
		{4509413A-83AA-40B6-83F8-00D4BCA9C9A3}.Release|Win32.Deploy.0 = Release|Win32
		{42879C2A-B675-4EC3-A599-C68803034C4B}.Debug|Win32.ActiveCfg = Debug|Win32
		{42879C2A-B675-4EC3-A599-C68803034C4B}.Debug|Win32.Build.0 = Debug|Win32
		{42879C2A-B675-4EC3-A599-C68803034C4B}.Debug|Win32.Deploy.0 = Debug|Win32
		{42879C2A-B675-4EC3-A599-C68803034C4B}.Release|Win32.ActiveCfg = Release|Win32
		{42879C2A-B675-4EC3-A599-C68803034C4B}.Release|Win32.Build.0 = Release|Win32
		{42879C2A-B675-4EC3-A599-C68803034C4B}.Release|Win32.Deploy.0 = Release|Win32
		{E9BE53DD-1D75-41A5-A798-47927E9C8A05}.Debug|Win32.ActiveCfg = Debug|Win32
		{E9BE53DD-1D75-41A5-A798-47927E9C8A05}.Debug|Win32.Build.0 = Debug|Win32
		{E9BE53DD-1D75-41A5-A798-47927E9C8A05}.Debug|Win32.Deploy.0 = Debug|Win32
		{E9BE53DD-1D75-41A5-A798-47927E9C8A05}.Release|Win32.ActiveCfg = Release|Win32
		{E9BE53DD-1D75-41A5-A798-47927E9C8A05}.Release|Win32.Build.0 = Release|Win32
		{E9BE53DD-1D75-41A5-A798-47927E9C8A05}.Release|Win32.Deploy.0 = Release|Win32
		{9EC1ED46-C7B1-496C-AD08-05C53F402AF8}.Debug|Win32.ActiveCfg = Debug|Win32
		{9EC1ED46-C7B1-496C-AD08-05C53F402AF8}.Debug|Win32.Build.0 = Debug|Win32
		{9EC1ED46-C7B1-496C-AD08-05C53F402AF8}.Debug|Win32.Deploy.0 = Debug|Win32
		{9EC1ED46-C7B1-496C-AD08-05C53F402AF8}.Release|Win32.ActiveCfg = Release|Win32
		{9EC1ED46-C7B1-496C-AD08-05C53F402AF8}.Release|Win32.Build.0 = Release|Win32
		{9EC1ED46-C7B1-496C-AD08-05C53F402AF8}.Release|Win32.Deploy.0 = Release|Win32
		{D18C54EF-0D3D-4776-8C53-FDB0EAF19913}.Debug|Win32.ActiveCfg = Debug|Win32
		{D18C54EF-0D3D-4776-8C53-FDB0EAF19913}.Debug|Win32.Build.0 = Debug|Win32
		{D18C54EF-0D3D-4776-8C53-FDB0EAF19913}.Debug|Win32.Deploy.0 = Debug|Win32
		{D18C54EF-0D3D-4776-8C53-FDB0EAF19913}.Release|Win32.ActiveCfg = Release|Win32
		{D18C54EF-0D3D-4776-8C53-FDB0EAF19913}.Release|Win32.Build.0 = Release|Win32
		{D18C54EF-0D3D-4776-8C53-FDB0EAF19913}.Release|Win32.Deploy.0 = Release|Win32
		{5A8D7B38-68D9-4DA7-B5A4-B528D1F149E8}.Debug|Win32.ActiveCfg = Debug|Win32
		{5A8D7B38-68D9-4DA7-B5A4-B528D1F149E8}.Debug|Win32.Build.0 = Debug|Win32
		{5A8D7B38-68D9-4DA7-B5A4-B528D1F149E8}.Debug|Win32.Deploy.0 = Debug|Win32
		{5A8D7B38-68D9-4DA7-B5A4-B528D1F149E8}.Release|Win32.ActiveCfg = Release|Win32
		{5A8D7B38-68D9-4DA7-B5A4-B528D1F149E8}.Release|Win32.Build.0 = Release|Win32
		{5A8D7B38-68D9-4DA7-B5A4-B528D1F149E8}.Release|Win32.Deploy.0 = Release|Win32
		{4E2D5F21-4288-4695-B4C7-1C2EE0619A4A}.Debug|Win32.ActiveCfg = Debug|Win32
		{4E2D5F21-4288-4695-B4C7-1C2EE0619A4A}.Debug|Win32.Build.0 = Debug|Win32
		{4E2D5F21-4288-4695-B4C7-1C2EE0619A4A}.Debug|Win32.Deploy.0 = Debug|Win32
		{4E2D5F21-4288-4695-B4C7-1C2EE0619A4A}.Release|Win32.ActiveCfg = Release|Win32
		{4E2D5F21-4288-4695-B4C7-1C2EE0619A4A}.Release|Win32.Build.0 = Release|Win32
		{4E2D5F21-4288-4695-B4C7-1C2EE0619A4A}.Release|Win32.Deploy.0 = Release|Win32
		{0A410B33-AB80-430D-BD26-9853B668F810}.Debug|Win32.ActiveCfg = Debug|Win32
		{0A410B33-AB80-430D-BD26-9853B668F810}.Debug|Win32.Build.0 = Debug|Win32
		{0A410B33-AB80-430D-BD26-9853B668F810}.Debug|Win32.Deploy.0 = Debug|Win32
		{0A410B33-AB80-430D-BD26-9853B668F810}.Release|Win32.ActiveCfg = Release|Win32
		{0A410B33-AB80-430D-BD26-9853B668F810}.Release|Win32.Build.0 = Release|Win32
		{0A410B33-AB80-430D-BD26-9853B668F810}.Release|Win32.Deploy.0 = Release|Win32
		{44991556-6961-4EC5-87F1-E55FFE7736CA}.Debug|Win32.ActiveCfg = Debug|Win32
		{44991556-6961-4EC5-87F1-E55FFE7736CA}.Debug|Win32.Build.0 = Debug|Win32
		{44991556-6961-4EC5-87F1-E55FFE7736CA}.Debug|Win32.Deploy.0 = Debug|Win32
		{44991556-6961-4EC5-87F1-E55FFE7736CA}.Release|Win32.ActiveCfg = Release|Win32
		{44991556-6961-4EC5-87F1-E55FFE7736CA}.Release|Win32.Build.0 = Release|Win32
		{44991556-6961-4EC5-87F1-E55FFE7736CA}.Release|Win32.Deploy.0 = Release|Win32
		{0B10EECE-668C-4B92-8C06-708FC368335E}.Debug|Win32.ActiveCfg = Debug|Win32
		{0B10EECE-668C-4B92-8C06-708FC368335E}.Debug|Win32.Build.0 = Debug|Win32
		{0B10EECE-668C-4B92-8C06-708FC368335E}.Debug|Win32.Deploy.0 = Debug|Win32
		{0B10EECE-668C-4B92-8C06-708FC368335E}.Release|Win32.ActiveCfg = Release|Win32
		{0B10EECE-668C-4B92-8C06-708FC368335E}.Release|Win32.Build.0 = Release|Win32
		{0B10EECE-668C-4B92-8C06-708FC368335E}.Release|Win32.Deploy.0 = Release|Win32
		{0E1BDAE0-3BA6-48F5-B91A-2017600611C9}.Debug|Win32.ActiveCfg = Debug|Win32
		{0E1BDAE0-3BA6-48F5-B91A-2017600611C9}.Debug|Win32.Build.0 = Debug|Win32
		{0E1BDAE0-3BA6-48F5-B91A-2017600611C9}.Debug|Win32.Deploy.0 = Debug|Win32
		{0E1BDAE0-3BA6-48F5-B91A-2017600611C9}.Release|Win32.ActiveCfg = Release|Win32
		{0E1BDAE0-3BA6-48F5-B91A-2017600611C9}.Release|Win32.Build.0 = Release|Win32
		{0E1BDAE0-3BA6-48F5-B91A-2017600611C9}.Release|Win32.Deploy.0 = Release|Win32
		{1554A560-3BF2-4072-BA7E-7D54BBCF31E5}.Debug|Win32.ActiveCfg = Debug|Win32
		{1554A560-3BF2-4072-BA7E-7D54BBCF31E5}.Debug|Win32.Build.0 = Debug|Win32
		{1554A560-3BF2-4072-BA7E-7D54BBCF31E5}.Debug|Win32.Deploy.0 = Debug|Win32
		{1554A560-3BF2-4072-BA7E-7D54BBCF31E5}.Release|Win32.ActiveCfg = Release|Win32
		{1554A560-3BF2-4072-BA7E-7D54BBCF31E5}.Release|Win32.Build.0 = Release|Win32
		{1554A560-3BF2-4072-BA7E-7D54BBCF31E5}.Release|Win32.Deploy.0 = Release|Win32
		{C2CF4FD9-0C72-4896-B3B3-D30647950051}.Debug|Win32.ActiveCfg = Debug|Win32
		{C2CF4FD9-0C72-4896-B3B3-D30647950051}.Debug|Win32.Build.0 = Debug|Win32
		{C2CF4FD9-0C72-4896-B3B3-D30647950051}.Debug|Win32.Deploy.0 = Debug|Win32
		{C2CF4FD9-0C72-4896-B3B3-D30647950051}.Release|Win32.ActiveCfg = Release|Win32
		{C2CF4FD9-0C72-4896-B3B3-D30647950051}.Release|Win32.Build.0 = Release|Win32
		{C2CF4FD9-0C72-4896-B3B3-D30647950051}.Release|Win32.Deploy.0 = Release|Win32
		{48E23A78-A44A-493B-9502-5A3D438739BA}.Debug|Win32.ActiveCfg = Debug|Win32
		{48E23A78-A44A-493B-9502-5A3D438739BA}.Debug|Win32.Build.0 = Debug|Win32
		{48E23A78-A44A-493B-9502-5A3D438739BA}.Debug|Win32.Deploy.0 = Debug|Win32
		{48E23A78-A44A-493B-9502-5A3D438739BA}.Release|Win32.ActiveCfg = Release|Win32
		{48E23A78-A44A-493B-9502-5A3D438739BA}.Release|Win32.Build.0 = Release|Win32
		{48E23A78-A44A-493B-9502-5A3D438739BA}.Release|Win32.Deploy.0 = Release|Win32
		{0FD1FEE3-2027-440E-8C1E-428527A51B9D}.Debug|Win32.ActiveCfg = Debug|Win32
		{0FD1FEE3-2027-440E-8C1E-428527A51B9D}.Debug|Win32.Build.0 = Debug|Win32
		{0FD1FEE3-2027-440E-8C1E-428527A51B9D}.Debug|Win32.Deploy.0 = Debug|Win32
		{0FD1FEE3-2027-440E-8C1E-428527A51B9D}.Release|Win32.ActiveCfg = Release|Win32
		{0FD1FEE3-2027-440E-8C1E-428527A51B9D}.Release|Win32.Build.0 = Release|Win32
		{0FD1FEE3-2027-440E-8C1E-428527A51B9D}.Release|Win32.Deploy.0 = Release|Win32
		{045F139E-F942-4EC5-9934-1402DF79F423}.Debug|Win32.ActiveCfg = Debug|Win32
		{045F139E-F942-4EC5-9934-1402DF79F423}.Debug|Win32.Build.0 = Debug|Win32
		{045F139E-F942-4EC5-9934-1402DF79F423}.Debug|Win32.Deploy.0 = Debug|Win32
		{045F139E-F942-4EC5-9934-1402DF79F423}.Release|Win32.ActiveCfg = Release|Win32
		{045F139E-F942-4EC5-9934-1402DF79F423}.Release|Win32.Build.0 = Release|Win32
		{045F139E-F942-4EC5-9934-1402DF79F423}.Release|Win32.Deploy.0 = Release|Win32
		{440EE99F-41D3-4E5F-A2BC-EC6C7BD92865}.Debug|Win32.ActiveCfg = Debug|Win32
		{440EE99F-41D3-4E5F-A2BC-EC6C7BD92865}.Debug|Win32.Build.0 = Debug|Win32
		{440EE99F-41D3-4E5F-A2BC-EC6C7BD92865}.Debug|Win32.Deploy.0 = Debug|Win32
		{440EE99F-41D3-4E5F-A2BC-EC6C7BD92865}.Release|Win32.ActiveCfg = Release|Win32
		{440EE99F-41D3-4E5F-A2BC-EC6C7BD92865}.Release|Win32.Build.0 = Release|Win32
		{440EE99F-41D3-4E5F-A2BC-EC6C7BD92865}.Release|Win32.Deploy.0 = Release|Win32
		{8AB4CCC9-C6A2-42E8-8081-4C7D8E0633B7}.Debug|Win32.ActiveCfg = Debug|Win32
		{8AB4CCC9-C6A2-42E8-8081-4C7D8E0633B7}.Debug|Win32.Build.0 = Debug|Win32
		{8AB4CCC9-C6A2-42E8-8081-4C7D8E0633B7}.Debug|Win32.Deploy.0 = Debug|Win32
		{8AB4CCC9-C6A2-42E8-8081-4C7D8E0633B7}.Release|Win32.ActiveCfg = Release|Win32
		{8AB4CCC9-C6A2-42E8-8081-4C7D8E0633B7}.Release|Win32.Build.0 = Release|Win32
		{8AB4CCC9-C6A2-42E8-8081-4C7D8E0633B7}.Release|Win32.Deploy.0 = Release|Win32
		{966E9C75-4E99-4D64-AE45-5BB565B3F9AA}.Debug|Win32.ActiveCfg = Debug|Win32
		{966E9C75-4E99-4D64-AE45-5BB565B3F9AA}.Debug|Win32.Build.0 = Debug|Win32
		{966E9C75-4E99-4D64-AE45-5BB565B3F9AA}.Debug|Win32.Deploy.0 = Debug|Win32
		{966E9C75-4E99-4D64-AE45-5BB565B3F9AA}.Release|Win32.ActiveCfg = Release|Win32
		{966E9C75-4E99-4D64-AE45-5BB565B3F9AA}.Release|Win32.Build.0 = Release|Win32
		{966E9C75-4E99-4D64-AE45-5BB565B3F9AA}.Release|Win32.Deploy.0 = Release|Win32
		{0EC4AB5A-6216-4B64-97A8-6C38A13C8060}.Debug|Win32.ActiveCfg = Debug|Win32
		{0EC4AB5A-6216-4B64-97A8-6C38A13C8060}.Debug|Win32.Build.0 = Debug|Win32
		{0EC4AB5A-6216-4B64-97A8-6C38A13C8060}.Debug|Win32.Deploy.0 = Debug|Win32
		{0EC4AB5A-6216-4B64-97A8-6C38A13C8060}.Release|Win32.ActiveCfg = Release|Win32
		{0EC4AB5A-6216-4B64-97A8-6C38A13C8060}.Release|Win32.Build.0 = Release|Win32
		{0EC4AB5A-6216-4B64-97A8-6C38A13C8060}.Release|Win32.Deploy.0 = Release|Win32
	EndGlobalSection
	GlobalSection(SolutionProperties) = preSolution
		HideSolutionNode = FALSE
	EndGlobalSection
EndGlobal
