
Microsoft Visual Studio Solution File, Format Version 12.00
# Visual Studio Express 2012 for Windows Desktop
Project("{8BC9CEB8-8B4A-11D0-8D11-00A0C91BC942}") = "accumulators", "accumulators\accumulators.vcxproj", "{1F5DD054-A15A-4DA3-A21B-F8835AD477B4}"
EndProject
Project("{8BC9CEB8-8B4A-11D0-8D11-00A0C91BC942}") = "config", "config\config.vcxproj", "{441492F4-D79E-4DA2-AD10-DDD09EA43753}"
EndProject
Project("{8BC9CEB8-8B4A-11D0-8D11-00A0C91BC942}") = "core", "core\core.vcxproj", "{87564CEB-0B63-4CE3-8AD6-8BDDFDC35448}"
EndProject
Global
	GlobalSection(SolutionConfigurationPlatforms) = preSolution
		Debug|Win32 = Debug|Win32
		Release|Win32 = Release|Win32
	EndGlobalSection
	GlobalSection(ProjectConfigurationPlatforms) = postSolution
		{1F5DD054-A15A-4DA3-A21B-F8835AD477B4}.Debug|Win32.ActiveCfg = Debug|Win32
		{1F5DD054-A15A-4DA3-A21B-F8835AD477B4}.Debug|Win32.Build.0 = Debug|Win32
		{1F5DD054-A15A-4DA3-A21B-F8835AD477B4}.Debug|Win32.Deploy.0 = Debug|Win32
		{1F5DD054-A15A-4DA3-A21B-F8835AD477B4}.Release|Win32.ActiveCfg = Release|Win32
		{1F5DD054-A15A-4DA3-A21B-F8835AD477B4}.Release|Win32.Build.0 = Release|Win32
		{1F5DD054-A15A-4DA3-A21B-F8835AD477B4}.Release|Win32.Deploy.0 = Release|Win32
		{441492F4-D79E-4DA2-AD10-DDD09EA43753}.Debug|Win32.ActiveCfg = Debug|Win32
		{441492F4-D79E-4DA2-AD10-DDD09EA43753}.Debug|Win32.Build.0 = Debug|Win32
		{441492F4-D79E-4DA2-AD10-DDD09EA43753}.Debug|Win32.Deploy.0 = Debug|Win32
		{441492F4-D79E-4DA2-AD10-DDD09EA43753}.Release|Win32.ActiveCfg = Release|Win32
		{441492F4-D79E-4DA2-AD10-DDD09EA43753}.Release|Win32.Build.0 = Release|Win32
		{441492F4-D79E-4DA2-AD10-DDD09EA43753}.Release|Win32.Deploy.0 = Release|Win32
		{87564CEB-0B63-4CE3-8AD6-8BDDFDC35448}.Debug|Win32.ActiveCfg = Debug|Win32
		{87564CEB-0B63-4CE3-8AD6-8BDDFDC35448}.Debug|Win32.Build.0 = Debug|Win32
		{87564CEB-0B63-4CE3-8AD6-8BDDFDC35448}.Debug|Win32.Deploy.0 = Debug|Win32
		{87564CEB-0B63-4CE3-8AD6-8BDDFDC35448}.Release|Win32.ActiveCfg = Release|Win32
		{87564CEB-0B63-4CE3-8AD6-8BDDFDC35448}.Release|Win32.Build.0 = Release|Win32
		{87564CEB-0B63-4CE3-8AD6-8BDDFDC35448}.Release|Win32.Deploy.0 = Release|Win32
	EndGlobalSection
	GlobalSection(SolutionProperties) = preSolution
		HideSolutionNode = FALSE
	EndGlobalSection
EndGlobal
